// !$*UTF8*$!
{
	archiveVersion = 1;
	classes = {
	};
	objectVersion = 46;
	objects = {

/* Begin PBXBuildFile section */
		1CF2E2BDF3FED1B5D6419393 /* Pods_IRSMobile.framework in Frameworks */ = {isa = PBXBuildFile; fileRef = 26DEA9526943A8784546A418 /* Pods_IRSMobile.framework */; };
		9801CAA91F7B8163001488E1 /* BaseTableViewCell.swift in Sources */ = {isa = PBXBuildFile; fileRef = 9801CAA51F7B8163001488E1 /* BaseTableViewCell.swift */; };
		9801CAAA1F7B8163001488E1 /* DataTableViewCell.swift in Sources */ = {isa = PBXBuildFile; fileRef = 9801CAA61F7B8163001488E1 /* DataTableViewCell.swift */; };
		9801CAAB1F7B8163001488E1 /* DataTableViewCell.xib in Resources */ = {isa = PBXBuildFile; fileRef = 9801CAA71F7B8163001488E1 /* DataTableViewCell.xib */; };
		9801CAAC1F7B8163001488E1 /* String.swift in Sources */ = {isa = PBXBuildFile; fileRef = 9801CAA81F7B8163001488E1 /* String.swift */; };
		9801CAB01F7B81BD001488E1 /* LeftViewController.swift in Sources */ = {isa = PBXBuildFile; fileRef = 9801CAAE1F7B81BD001488E1 /* LeftViewController.swift */; };
		9801CAB11F7B81BD001488E1 /* LeftViewController.xib in Resources */ = {isa = PBXBuildFile; fileRef = 9801CAAF1F7B81BD001488E1 /* LeftViewController.xib */; };
		9801CAB51F7B8273001488E1 /* AllTransactionViewController.swift in Sources */ = {isa = PBXBuildFile; fileRef = 9801CAB31F7B8273001488E1 /* AllTransactionViewController.swift */; };
		9801CAB61F7B8273001488E1 /* AllTransactionViewController.xib in Resources */ = {isa = PBXBuildFile; fileRef = 9801CAB41F7B8273001488E1 /* AllTransactionViewController.xib */; };
		9801CABA1F7B984B001488E1 /* UIViewController.swift in Sources */ = {isa = PBXBuildFile; fileRef = 9801CAB91F7B984B001488E1 /* UIViewController.swift */; };
		98199F351FDAEE6A00689E1C /* Model_sub_Order.swift in Sources */ = {isa = PBXBuildFile; fileRef = 98199F341FDAEE6A00689E1C /* Model_sub_Order.swift */; };
		98199F371FDAEFCF00689E1C /* Model_sub_Cash.swift in Sources */ = {isa = PBXBuildFile; fileRef = 98199F361FDAEFCF00689E1C /* Model_sub_Cash.swift */; };
		98199F391FDAF06100689E1C /* Model_rem_Order.swift in Sources */ = {isa = PBXBuildFile; fileRef = 98199F381FDAF06000689E1C /* Model_rem_Order.swift */; };
		98199F3B1FDAF10700689E1C /* Model_rem_Cash.swift in Sources */ = {isa = PBXBuildFile; fileRef = 98199F3A1FDAF10700689E1C /* Model_rem_Cash.swift */; };
		9819BDFA1FD6DF5400113D80 /* ForgotPasswordViewController.swift in Sources */ = {isa = PBXBuildFile; fileRef = 9819BDF81FD6DF5400113D80 /* ForgotPasswordViewController.swift */; };
		9819BDFB1FD6DF5400113D80 /* ForgotPasswordViewController.xib in Resources */ = {isa = PBXBuildFile; fileRef = 9819BDF91FD6DF5400113D80 /* ForgotPasswordViewController.xib */; };
		9819BDFE1FD6DF8B00113D80 /* FAQsViewController.swift in Sources */ = {isa = PBXBuildFile; fileRef = 9819BDFC1FD6DF8B00113D80 /* FAQsViewController.swift */; };
		9819BDFF1FD6DF8B00113D80 /* FAQsViewController.xib in Resources */ = {isa = PBXBuildFile; fileRef = 9819BDFD1FD6DF8B00113D80 /* FAQsViewController.xib */; };
		9819BE021FD6E00C00113D80 /* DataProtectPolicyViewController.swift in Sources */ = {isa = PBXBuildFile; fileRef = 9819BE001FD6E00C00113D80 /* DataProtectPolicyViewController.swift */; };
		9819BE031FD6E00C00113D80 /* DataProtectPolicyViewController.xib in Resources */ = {isa = PBXBuildFile; fileRef = 9819BE011FD6E00C00113D80 /* DataProtectPolicyViewController.xib */; };
		9819BE061FD6E07000113D80 /* SecurityTipsViewController.swift in Sources */ = {isa = PBXBuildFile; fileRef = 9819BE041FD6E07000113D80 /* SecurityTipsViewController.swift */; };
		9819BE071FD6E07000113D80 /* SecurityTipsViewController.xib in Resources */ = {isa = PBXBuildFile; fileRef = 9819BE051FD6E07000113D80 /* SecurityTipsViewController.xib */; };
		9819BE0A1FD6EF8600113D80 /* AboutCroweHorwathViewController.swift in Sources */ = {isa = PBXBuildFile; fileRef = 9819BE081FD6EF8600113D80 /* AboutCroweHorwathViewController.swift */; };
		9819BE0B1FD6EF8600113D80 /* AboutCroweHorwathViewController.xib in Resources */ = {isa = PBXBuildFile; fileRef = 9819BE091FD6EF8600113D80 /* AboutCroweHorwathViewController.xib */; };
		9819BE0E1FD706F800113D80 /* GeneralViewController.swift in Sources */ = {isa = PBXBuildFile; fileRef = 9819BE0C1FD706F800113D80 /* GeneralViewController.swift */; };
		9819BE0F1FD706F800113D80 /* GeneralViewController.xib in Resources */ = {isa = PBXBuildFile; fileRef = 9819BE0D1FD706F800113D80 /* GeneralViewController.xib */; };
		9819BE121FD71DC600113D80 /* FundContactViewController.swift in Sources */ = {isa = PBXBuildFile; fileRef = 9819BE101FD71DC600113D80 /* FundContactViewController.swift */; };
		9819BE131FD71DC600113D80 /* FundContactViewController.xib in Resources */ = {isa = PBXBuildFile; fileRef = 9819BE111FD71DC600113D80 /* FundContactViewController.xib */; };
		9819BE161FD71DDE00113D80 /* FunAcountBankViewController.swift in Sources */ = {isa = PBXBuildFile; fileRef = 9819BE141FD71DDE00113D80 /* FunAcountBankViewController.swift */; };
		9819BE171FD71DDE00113D80 /* FunAcountBankViewController.xib in Resources */ = {isa = PBXBuildFile; fileRef = 9819BE151FD71DDE00113D80 /* FunAcountBankViewController.xib */; };
		9819BE1A1FD71F1F00113D80 /* SubOrderViewController.swift in Sources */ = {isa = PBXBuildFile; fileRef = 9819BE181FD71F1F00113D80 /* SubOrderViewController.swift */; };
		9819BE1B1FD71F1F00113D80 /* SubOrderViewController.xib in Resources */ = {isa = PBXBuildFile; fileRef = 9819BE191FD71F1F00113D80 /* SubOrderViewController.xib */; };
		9819BE1E1FD71F3700113D80 /* SubReciedViewController.swift in Sources */ = {isa = PBXBuildFile; fileRef = 9819BE1C1FD71F3700113D80 /* SubReciedViewController.swift */; };
		9819BE1F1FD71F3700113D80 /* SubReciedViewController.xib in Resources */ = {isa = PBXBuildFile; fileRef = 9819BE1D1FD71F3700113D80 /* SubReciedViewController.xib */; };
		9819BE221FD71F5700113D80 /* RedemOrderViewController.swift in Sources */ = {isa = PBXBuildFile; fileRef = 9819BE201FD71F5700113D80 /* RedemOrderViewController.swift */; };
		9819BE231FD71F5700113D80 /* RedemOrderViewController.xib in Resources */ = {isa = PBXBuildFile; fileRef = 9819BE211FD71F5700113D80 /* RedemOrderViewController.xib */; };
		9819BE261FD71F6D00113D80 /* RedemCashViewController.swift in Sources */ = {isa = PBXBuildFile; fileRef = 9819BE241FD71F6D00113D80 /* RedemCashViewController.swift */; };
		9819BE271FD71F6D00113D80 /* RedemCashViewController.xib in Resources */ = {isa = PBXBuildFile; fileRef = 9819BE251FD71F6D00113D80 /* RedemCashViewController.xib */; };
		9822F1AE1FA01ECF00825133 /* SubTableViewCell.swift in Sources */ = {isa = PBXBuildFile; fileRef = 9822F1AC1FA01ECF00825133 /* SubTableViewCell.swift */; };
		9822F1AF1FA01ECF00825133 /* SubTableViewCell.xib in Resources */ = {isa = PBXBuildFile; fileRef = 9822F1AD1FA01ECF00825133 /* SubTableViewCell.xib */; };
		9822F1B21FA01EEE00825133 /* RedemTableViewCell.swift in Sources */ = {isa = PBXBuildFile; fileRef = 9822F1B01FA01EEE00825133 /* RedemTableViewCell.swift */; };
		9822F1B31FA01EEE00825133 /* RedemTableViewCell.xib in Resources */ = {isa = PBXBuildFile; fileRef = 9822F1B11FA01EEE00825133 /* RedemTableViewCell.xib */; };
		9822F1B61FA01F0000825133 /* AllTranTableViewCell.swift in Sources */ = {isa = PBXBuildFile; fileRef = 9822F1B41FA01F0000825133 /* AllTranTableViewCell.swift */; };
		9822F1B71FA01F0000825133 /* AllTranTableViewCell.xib in Resources */ = {isa = PBXBuildFile; fileRef = 9822F1B51FA01F0000825133 /* AllTranTableViewCell.xib */; };
		9822F1BA1FA01F1500825133 /* PortTableViewCell.swift in Sources */ = {isa = PBXBuildFile; fileRef = 9822F1B81FA01F1500825133 /* PortTableViewCell.swift */; };
		9822F1BB1FA01F1500825133 /* PortTableViewCell.xib in Resources */ = {isa = PBXBuildFile; fileRef = 9822F1B91FA01F1500825133 /* PortTableViewCell.xib */; };
		9822F1BE1FA01F2700825133 /* PortCreditTableViewCell.swift in Sources */ = {isa = PBXBuildFile; fileRef = 9822F1BC1FA01F2700825133 /* PortCreditTableViewCell.swift */; };
		9822F1BF1FA01F2700825133 /* PortCreditTableViewCell.xib in Resources */ = {isa = PBXBuildFile; fileRef = 9822F1BD1FA01F2700825133 /* PortCreditTableViewCell.xib */; };
		9825824A1FA0BAB3002F0873 /* DialogSubViewController.swift in Sources */ = {isa = PBXBuildFile; fileRef = 982582481FA0BAB3002F0873 /* DialogSubViewController.swift */; };
		9825824B1FA0BAB3002F0873 /* DialogSubViewController.xib in Resources */ = {isa = PBXBuildFile; fileRef = 982582491FA0BAB3002F0873 /* DialogSubViewController.xib */; };
		9825824E1FA0D875002F0873 /* DialogRedemViewController.swift in Sources */ = {isa = PBXBuildFile; fileRef = 9825824C1FA0D875002F0873 /* DialogRedemViewController.swift */; };
		9825824F1FA0D875002F0873 /* DialogRedemViewController.xib in Resources */ = {isa = PBXBuildFile; fileRef = 9825824D1FA0D875002F0873 /* DialogRedemViewController.xib */; };
		982582521FA0D88C002F0873 /* DialogAllTranViewController.swift in Sources */ = {isa = PBXBuildFile; fileRef = 982582501FA0D88C002F0873 /* DialogAllTranViewController.swift */; };
		982582531FA0D88C002F0873 /* DialogAllTranViewController.xib in Resources */ = {isa = PBXBuildFile; fileRef = 982582511FA0D88C002F0873 /* DialogAllTranViewController.xib */; };
		984B3D511F852B1100ECA24D /* Format.swift in Sources */ = {isa = PBXBuildFile; fileRef = 984B3D501F852B1100ECA24D /* Format.swift */; };
		984E1D751F6F830C00D0630E /* AppDelegate.swift in Sources */ = {isa = PBXBuildFile; fileRef = 984E1D741F6F830C00D0630E /* AppDelegate.swift */; };
		984E1D771F6F830C00D0630E /* ViewController.swift in Sources */ = {isa = PBXBuildFile; fileRef = 984E1D761F6F830C00D0630E /* ViewController.swift */; };
		984E1D7A1F6F830C00D0630E /* Main.storyboard in Resources */ = {isa = PBXBuildFile; fileRef = 984E1D781F6F830C00D0630E /* Main.storyboard */; };
		984E1D7D1F6F830C00D0630E /* IRSMobile.xcdatamodeld in Sources */ = {isa = PBXBuildFile; fileRef = 984E1D7B1F6F830C00D0630E /* IRSMobile.xcdatamodeld */; };
		984E1D7F1F6F830C00D0630E /* Assets.xcassets in Resources */ = {isa = PBXBuildFile; fileRef = 984E1D7E1F6F830C00D0630E /* Assets.xcassets */; };
		984E1D821F6F830C00D0630E /* LaunchScreen.storyboard in Resources */ = {isa = PBXBuildFile; fileRef = 984E1D801F6F830C00D0630E /* LaunchScreen.storyboard */; };
		984E1D8C1F6F847100D0630E /* LoginViewController.swift in Sources */ = {isa = PBXBuildFile; fileRef = 984E1D8A1F6F847100D0630E /* LoginViewController.swift */; };
		984E1D8D1F6F847100D0630E /* LoginViewController.xib in Resources */ = {isa = PBXBuildFile; fileRef = 984E1D8B1F6F847100D0630E /* LoginViewController.xib */; };
		984E1D901F6F848300D0630E /* MainViewController.swift in Sources */ = {isa = PBXBuildFile; fileRef = 984E1D8E1F6F848300D0630E /* MainViewController.swift */; };
		984E1D911F6F848300D0630E /* MainViewController.xib in Resources */ = {isa = PBXBuildFile; fileRef = 984E1D8F1F6F848300D0630E /* MainViewController.xib */; };
		98544C991FE9838B00F2892B /* DialogOTPLoginViewController.swift in Sources */ = {isa = PBXBuildFile; fileRef = 98544C971FE9838B00F2892B /* DialogOTPLoginViewController.swift */; };
		98544C9A1FE9838B00F2892B /* DialogOTPLoginViewController.xib in Resources */ = {isa = PBXBuildFile; fileRef = 98544C981FE9838B00F2892B /* DialogOTPLoginViewController.xib */; };
		98544C9D1FE99AAC00F2892B /* DialogOTPChangePassViewController.swift in Sources */ = {isa = PBXBuildFile; fileRef = 98544C9B1FE99AAC00F2892B /* DialogOTPChangePassViewController.swift */; };
		98544C9E1FE99AAC00F2892B /* DialogOTPChangePassViewController.xib in Resources */ = {isa = PBXBuildFile; fileRef = 98544C9C1FE99AAC00F2892B /* DialogOTPChangePassViewController.xib */; };
		98544CA11FE99B1F00F2892B /* DialogOTPUpdateContactViewController.swift in Sources */ = {isa = PBXBuildFile; fileRef = 98544C9F1FE99B1F00F2892B /* DialogOTPUpdateContactViewController.swift */; };
		98544CA21FE99B1F00F2892B /* DialogOTPUpdateContactViewController.xib in Resources */ = {isa = PBXBuildFile; fileRef = 98544CA01FE99B1F00F2892B /* DialogOTPUpdateContactViewController.xib */; };
		985F42901FDD5DCA00B4914C /* Section.swift in Sources */ = {isa = PBXBuildFile; fileRef = 985F428F1FDD5DCA00B4914C /* Section.swift */; };
		985F42921FDD601B00B4914C /* ExpandableHeaderView.swift in Sources */ = {isa = PBXBuildFile; fileRef = 985F42911FDD601B00B4914C /* ExpandableHeaderView.swift */; };
		986CF6381FDC5470009E5050 /* SubReciedTableViewCell.swift in Sources */ = {isa = PBXBuildFile; fileRef = 986CF6361FDC5470009E5050 /* SubReciedTableViewCell.swift */; };
		986CF6391FDC5470009E5050 /* SubReciedTableViewCell.xib in Resources */ = {isa = PBXBuildFile; fileRef = 986CF6371FDC5470009E5050 /* SubReciedTableViewCell.xib */; };
		986CF63C1FDC5483009E5050 /* SubOrderTableViewCell.swift in Sources */ = {isa = PBXBuildFile; fileRef = 986CF63A1FDC5483009E5050 /* SubOrderTableViewCell.swift */; };
		986CF63D1FDC5483009E5050 /* SubOrderTableViewCell.xib in Resources */ = {isa = PBXBuildFile; fileRef = 986CF63B1FDC5483009E5050 /* SubOrderTableViewCell.xib */; };
		986CF6441FDC54AB009E5050 /* RemOrderTableViewCell.swift in Sources */ = {isa = PBXBuildFile; fileRef = 986CF6421FDC54AB009E5050 /* RemOrderTableViewCell.swift */; };
		986CF6451FDC54AB009E5050 /* RemOrderTableViewCell.xib in Resources */ = {isa = PBXBuildFile; fileRef = 986CF6431FDC54AB009E5050 /* RemOrderTableViewCell.xib */; };
		986CF6481FDC6B9C009E5050 /* RemCashTableViewCell.swift in Sources */ = {isa = PBXBuildFile; fileRef = 986CF6461FDC6B9C009E5050 /* RemCashTableViewCell.swift */; };
		986CF6491FDC6B9C009E5050 /* RemCashTableViewCell.xib in Resources */ = {isa = PBXBuildFile; fileRef = 986CF6471FDC6B9C009E5050 /* RemCashTableViewCell.xib */; };
		986CF64B1FDC7971009E5050 /* Control_Until.swift in Sources */ = {isa = PBXBuildFile; fileRef = 986CF64A1FDC7971009E5050 /* Control_Until.swift */; };
		986CF64D1FDC7CB1009E5050 /* Model_total.swift in Sources */ = {isa = PBXBuildFile; fileRef = 986CF64C1FDC7CB1009E5050 /* Model_total.swift */; };
		98973FFC1F7A503600137751 /* ConnectSv.swift in Sources */ = {isa = PBXBuildFile; fileRef = 98973FFB1F7A503600137751 /* ConnectSv.swift */; };
		98973FFF1F7A518300137751 /* Model_Invertor.swift in Sources */ = {isa = PBXBuildFile; fileRef = 98973FFE1F7A518300137751 /* Model_Invertor.swift */; };
		989CB4581F9C489700286910 /* AllTransactionTableViewCell.swift in Sources */ = {isa = PBXBuildFile; fileRef = 989CB4571F9C489700286910 /* AllTransactionTableViewCell.swift */; };
		989CB45A1F9C4C7100286910 /* Model_AllTransaction.swift in Sources */ = {isa = PBXBuildFile; fileRef = 989CB4591F9C4C7100286910 /* Model_AllTransaction.swift */; };
		989CB45C1F9C7CAE00286910 /* PortfolioTableViewCell.swift in Sources */ = {isa = PBXBuildFile; fileRef = 989CB45B1F9C7CAE00286910 /* PortfolioTableViewCell.swift */; };
		989CB45E1F9C890300286910 /* Model_Portfolio.swift in Sources */ = {isa = PBXBuildFile; fileRef = 989CB45D1F9C890300286910 /* Model_Portfolio.swift */; };
		989CB4601F9C894000286910 /* Model_Portfolio_detail.swift in Sources */ = {isa = PBXBuildFile; fileRef = 989CB45F1F9C894000286910 /* Model_Portfolio_detail.swift */; };
		989CB4621F9C96BC00286910 /* PortfolioDetailTableViewCell.swift in Sources */ = {isa = PBXBuildFile; fileRef = 989CB4611F9C96BC00286910 /* PortfolioDetailTableViewCell.swift */; };
		98A0B82C1FE023F800B99174 /* CountdowTimmer.swift in Sources */ = {isa = PBXBuildFile; fileRef = 98A0B82B1FE023F800B99174 /* CountdowTimmer.swift */; };
		98A2DD991F91A5A1005F03B5 /* RedemptionTableViewCell.swift in Sources */ = {isa = PBXBuildFile; fileRef = 98A2DD981F91A5A1005F03B5 /* RedemptionTableViewCell.swift */; };
		98CB90EA1F89B4E900748A23 /* SubcriptionTableViewCell.swift in Sources */ = {isa = PBXBuildFile; fileRef = 98CB90E81F89B4E900748A23 /* SubcriptionTableViewCell.swift */; };
		98CB90ED1F89CF5F00748A23 /* Constant.swift in Sources */ = {isa = PBXBuildFile; fileRef = 98CB90EC1F89CF5F00748A23 /* Constant.swift */; };
		98CB90EF1F89D24B00748A23 /* Model_Subcription.swift in Sources */ = {isa = PBXBuildFile; fileRef = 98CB90EE1F89D24B00748A23 /* Model_Subcription.swift */; };
		98CB90F11F89D38B00748A23 /* Model_Redemption.swift in Sources */ = {isa = PBXBuildFile; fileRef = 98CB90F01F89D38B00748A23 /* Model_Redemption.swift */; };
		98E74B871F82818F0038BA91 /* SubcriptionViewController.swift in Sources */ = {isa = PBXBuildFile; fileRef = 98E74B851F82818F0038BA91 /* SubcriptionViewController.swift */; };
		98E74B881F82818F0038BA91 /* SubcriptionViewController.xib in Resources */ = {isa = PBXBuildFile; fileRef = 98E74B861F82818F0038BA91 /* SubcriptionViewController.xib */; };
		98E74B8B1F8281A40038BA91 /* RedemptionViewController.swift in Sources */ = {isa = PBXBuildFile; fileRef = 98E74B891F8281A40038BA91 /* RedemptionViewController.swift */; };
		98E74B8C1F8281A40038BA91 /* RedemptionViewController.xib in Resources */ = {isa = PBXBuildFile; fileRef = 98E74B8A1F8281A40038BA91 /* RedemptionViewController.xib */; };
		98E74B8F1F8281B60038BA91 /* PortfolioViewController.swift in Sources */ = {isa = PBXBuildFile; fileRef = 98E74B8D1F8281B60038BA91 /* PortfolioViewController.swift */; };
		98E74B901F8281B60038BA91 /* PortfolioViewController.xib in Resources */ = {isa = PBXBuildFile; fileRef = 98E74B8E1F8281B60038BA91 /* PortfolioViewController.xib */; };
		98E74B941F8281F30038BA91 /* InvestorInfomationViewController.swift in Sources */ = {isa = PBXBuildFile; fileRef = 98E74B921F8281F30038BA91 /* InvestorInfomationViewController.swift */; };
		98E74B951F8281F30038BA91 /* InvestorInfomationViewController.xib in Resources */ = {isa = PBXBuildFile; fileRef = 98E74B931F8281F30038BA91 /* InvestorInfomationViewController.xib */; };
		98E74B981F82820B0038BA91 /* BankAcountViewController.swift in Sources */ = {isa = PBXBuildFile; fileRef = 98E74B961F82820B0038BA91 /* BankAcountViewController.swift */; };
		98E74B991F82820B0038BA91 /* BankAcountViewController.xib in Resources */ = {isa = PBXBuildFile; fileRef = 98E74B971F82820B0038BA91 /* BankAcountViewController.xib */; };
		98E74B9C1F8282300038BA91 /* ContactInformationViewController.swift in Sources */ = {isa = PBXBuildFile; fileRef = 98E74B9A1F8282300038BA91 /* ContactInformationViewController.swift */; };
		98E74B9D1F8282300038BA91 /* ContactInformationViewController.xib in Resources */ = {isa = PBXBuildFile; fileRef = 98E74B9B1F8282300038BA91 /* ContactInformationViewController.xib */; };
		98E74BA01F8282420038BA91 /* ChangePasswordViewController.swift in Sources */ = {isa = PBXBuildFile; fileRef = 98E74B9E1F8282420038BA91 /* ChangePasswordViewController.swift */; };
		98E74BA11F8282420038BA91 /* ChangePasswordViewController.xib in Resources */ = {isa = PBXBuildFile; fileRef = 98E74B9F1F8282420038BA91 /* ChangePasswordViewController.xib */; };
		98E74BA41F829C370038BA91 /* LogoutViewController.swift in Sources */ = {isa = PBXBuildFile; fileRef = 98E74BA21F829C370038BA91 /* LogoutViewController.swift */; };
		98E74BA51F829C370038BA91 /* LogoutViewController.xib in Resources */ = {isa = PBXBuildFile; fileRef = 98E74BA31F829C370038BA91 /* LogoutViewController.xib */; };
		98F18EAA1FA4CE840075CAA0 /* DialogConvesionShareViewController.swift in Sources */ = {isa = PBXBuildFile; fileRef = 98F18EA81FA4CE840075CAA0 /* DialogConvesionShareViewController.swift */; };
		98F18EAB1FA4CE840075CAA0 /* DialogConvesionShareViewController.xib in Resources */ = {isa = PBXBuildFile; fileRef = 98F18EA91FA4CE840075CAA0 /* DialogConvesionShareViewController.xib */; };
		98F18EAE1FA4E51D0075CAA0 /* SplashViewController.swift in Sources */ = {isa = PBXBuildFile; fileRef = 98F18EAC1FA4E51D0075CAA0 /* SplashViewController.swift */; };
		98F18EAF1FA4E51D0075CAA0 /* SplashViewController.xib in Resources */ = {isa = PBXBuildFile; fileRef = 98F18EAD1FA4E51D0075CAA0 /* SplashViewController.xib */; };
		98F195C61F95E7AE00386AA5 /* ProfileView.swift in Sources */ = {isa = PBXBuildFile; fileRef = 98F195C51F95E7AE00386AA5 /* ProfileView.swift */; };
/* End PBXBuildFile section */

/* Begin PBXFileReference section */
		26DEA9526943A8784546A418 /* Pods_IRSMobile.framework */ = {isa = PBXFileReference; explicitFileType = wrapper.framework; includeInIndex = 0; path = Pods_IRSMobile.framework; sourceTree = BUILT_PRODUCTS_DIR; };
		5D7FFFA9A79A74C318F27D7A /* Pods-IRSMobile.release.xcconfig */ = {isa = PBXFileReference; includeInIndex = 1; lastKnownFileType = text.xcconfig; name = "Pods-IRSMobile.release.xcconfig"; path = "Pods/Target Support Files/Pods-IRSMobile/Pods-IRSMobile.release.xcconfig"; sourceTree = "<group>"; };
		9801CAA51F7B8163001488E1 /* BaseTableViewCell.swift */ = {isa = PBXFileReference; fileEncoding = 4; lastKnownFileType = sourcecode.swift; path = BaseTableViewCell.swift; sourceTree = "<group>"; };
		9801CAA61F7B8163001488E1 /* DataTableViewCell.swift */ = {isa = PBXFileReference; fileEncoding = 4; lastKnownFileType = sourcecode.swift; path = DataTableViewCell.swift; sourceTree = "<group>"; };
		9801CAA71F7B8163001488E1 /* DataTableViewCell.xib */ = {isa = PBXFileReference; fileEncoding = 4; lastKnownFileType = file.xib; path = DataTableViewCell.xib; sourceTree = "<group>"; };
		9801CAA81F7B8163001488E1 /* String.swift */ = {isa = PBXFileReference; fileEncoding = 4; lastKnownFileType = sourcecode.swift; path = String.swift; sourceTree = "<group>"; };
		9801CAAE1F7B81BD001488E1 /* LeftViewController.swift */ = {isa = PBXFileReference; fileEncoding = 4; lastKnownFileType = sourcecode.swift; path = LeftViewController.swift; sourceTree = "<group>"; };
		9801CAAF1F7B81BD001488E1 /* LeftViewController.xib */ = {isa = PBXFileReference; fileEncoding = 4; lastKnownFileType = file.xib; path = LeftViewController.xib; sourceTree = "<group>"; };
		9801CAB31F7B8273001488E1 /* AllTransactionViewController.swift */ = {isa = PBXFileReference; fileEncoding = 4; lastKnownFileType = sourcecode.swift; path = AllTransactionViewController.swift; sourceTree = "<group>"; };
		9801CAB41F7B8273001488E1 /* AllTransactionViewController.xib */ = {isa = PBXFileReference; fileEncoding = 4; lastKnownFileType = file.xib; path = AllTransactionViewController.xib; sourceTree = "<group>"; };
		9801CAB91F7B984B001488E1 /* UIViewController.swift */ = {isa = PBXFileReference; fileEncoding = 4; lastKnownFileType = sourcecode.swift; path = UIViewController.swift; sourceTree = "<group>"; };
		98199F341FDAEE6A00689E1C /* Model_sub_Order.swift */ = {isa = PBXFileReference; fileEncoding = 4; lastKnownFileType = sourcecode.swift; path = Model_sub_Order.swift; sourceTree = "<group>"; };
		98199F361FDAEFCF00689E1C /* Model_sub_Cash.swift */ = {isa = PBXFileReference; fileEncoding = 4; lastKnownFileType = sourcecode.swift; path = Model_sub_Cash.swift; sourceTree = "<group>"; };
		98199F381FDAF06000689E1C /* Model_rem_Order.swift */ = {isa = PBXFileReference; fileEncoding = 4; lastKnownFileType = sourcecode.swift; path = Model_rem_Order.swift; sourceTree = "<group>"; };
		98199F3A1FDAF10700689E1C /* Model_rem_Cash.swift */ = {isa = PBXFileReference; fileEncoding = 4; lastKnownFileType = sourcecode.swift; path = Model_rem_Cash.swift; sourceTree = "<group>"; };
		9819BDF81FD6DF5400113D80 /* ForgotPasswordViewController.swift */ = {isa = PBXFileReference; fileEncoding = 4; lastKnownFileType = sourcecode.swift; path = ForgotPasswordViewController.swift; sourceTree = "<group>"; };
		9819BDF91FD6DF5400113D80 /* ForgotPasswordViewController.xib */ = {isa = PBXFileReference; fileEncoding = 4; lastKnownFileType = file.xib; path = ForgotPasswordViewController.xib; sourceTree = "<group>"; };
		9819BDFC1FD6DF8B00113D80 /* FAQsViewController.swift */ = {isa = PBXFileReference; fileEncoding = 4; lastKnownFileType = sourcecode.swift; path = FAQsViewController.swift; sourceTree = "<group>"; };
		9819BDFD1FD6DF8B00113D80 /* FAQsViewController.xib */ = {isa = PBXFileReference; fileEncoding = 4; lastKnownFileType = file.xib; path = FAQsViewController.xib; sourceTree = "<group>"; };
		9819BE001FD6E00C00113D80 /* DataProtectPolicyViewController.swift */ = {isa = PBXFileReference; fileEncoding = 4; lastKnownFileType = sourcecode.swift; path = DataProtectPolicyViewController.swift; sourceTree = "<group>"; };
		9819BE011FD6E00C00113D80 /* DataProtectPolicyViewController.xib */ = {isa = PBXFileReference; fileEncoding = 4; lastKnownFileType = file.xib; path = DataProtectPolicyViewController.xib; sourceTree = "<group>"; };
		9819BE041FD6E07000113D80 /* SecurityTipsViewController.swift */ = {isa = PBXFileReference; fileEncoding = 4; lastKnownFileType = sourcecode.swift; path = SecurityTipsViewController.swift; sourceTree = "<group>"; };
		9819BE051FD6E07000113D80 /* SecurityTipsViewController.xib */ = {isa = PBXFileReference; fileEncoding = 4; lastKnownFileType = file.xib; path = SecurityTipsViewController.xib; sourceTree = "<group>"; };
		9819BE081FD6EF8600113D80 /* AboutCroweHorwathViewController.swift */ = {isa = PBXFileReference; fileEncoding = 4; lastKnownFileType = sourcecode.swift; path = AboutCroweHorwathViewController.swift; sourceTree = "<group>"; };
		9819BE091FD6EF8600113D80 /* AboutCroweHorwathViewController.xib */ = {isa = PBXFileReference; fileEncoding = 4; lastKnownFileType = file.xib; path = AboutCroweHorwathViewController.xib; sourceTree = "<group>"; };
		9819BE0C1FD706F800113D80 /* GeneralViewController.swift */ = {isa = PBXFileReference; fileEncoding = 4; lastKnownFileType = sourcecode.swift; path = GeneralViewController.swift; sourceTree = "<group>"; };
		9819BE0D1FD706F800113D80 /* GeneralViewController.xib */ = {isa = PBXFileReference; fileEncoding = 4; lastKnownFileType = file.xib; path = GeneralViewController.xib; sourceTree = "<group>"; };
		9819BE101FD71DC600113D80 /* FundContactViewController.swift */ = {isa = PBXFileReference; fileEncoding = 4; lastKnownFileType = sourcecode.swift; path = FundContactViewController.swift; sourceTree = "<group>"; };
		9819BE111FD71DC600113D80 /* FundContactViewController.xib */ = {isa = PBXFileReference; fileEncoding = 4; lastKnownFileType = file.xib; path = FundContactViewController.xib; sourceTree = "<group>"; };
		9819BE141FD71DDE00113D80 /* FunAcountBankViewController.swift */ = {isa = PBXFileReference; fileEncoding = 4; lastKnownFileType = sourcecode.swift; path = FunAcountBankViewController.swift; sourceTree = "<group>"; };
		9819BE151FD71DDE00113D80 /* FunAcountBankViewController.xib */ = {isa = PBXFileReference; fileEncoding = 4; lastKnownFileType = file.xib; path = FunAcountBankViewController.xib; sourceTree = "<group>"; };
		9819BE181FD71F1F00113D80 /* SubOrderViewController.swift */ = {isa = PBXFileReference; fileEncoding = 4; lastKnownFileType = sourcecode.swift; path = SubOrderViewController.swift; sourceTree = "<group>"; };
		9819BE191FD71F1F00113D80 /* SubOrderViewController.xib */ = {isa = PBXFileReference; fileEncoding = 4; lastKnownFileType = file.xib; path = SubOrderViewController.xib; sourceTree = "<group>"; };
		9819BE1C1FD71F3700113D80 /* SubReciedViewController.swift */ = {isa = PBXFileReference; fileEncoding = 4; lastKnownFileType = sourcecode.swift; path = SubReciedViewController.swift; sourceTree = "<group>"; };
		9819BE1D1FD71F3700113D80 /* SubReciedViewController.xib */ = {isa = PBXFileReference; fileEncoding = 4; lastKnownFileType = file.xib; path = SubReciedViewController.xib; sourceTree = "<group>"; };
		9819BE201FD71F5700113D80 /* RedemOrderViewController.swift */ = {isa = PBXFileReference; fileEncoding = 4; lastKnownFileType = sourcecode.swift; path = RedemOrderViewController.swift; sourceTree = "<group>"; };
		9819BE211FD71F5700113D80 /* RedemOrderViewController.xib */ = {isa = PBXFileReference; fileEncoding = 4; lastKnownFileType = file.xib; path = RedemOrderViewController.xib; sourceTree = "<group>"; };
		9819BE241FD71F6D00113D80 /* RedemCashViewController.swift */ = {isa = PBXFileReference; fileEncoding = 4; lastKnownFileType = sourcecode.swift; path = RedemCashViewController.swift; sourceTree = "<group>"; };
		9819BE251FD71F6D00113D80 /* RedemCashViewController.xib */ = {isa = PBXFileReference; fileEncoding = 4; lastKnownFileType = file.xib; path = RedemCashViewController.xib; sourceTree = "<group>"; };
		9822F1AC1FA01ECF00825133 /* SubTableViewCell.swift */ = {isa = PBXFileReference; fileEncoding = 4; lastKnownFileType = sourcecode.swift; path = SubTableViewCell.swift; sourceTree = "<group>"; };
		9822F1AD1FA01ECF00825133 /* SubTableViewCell.xib */ = {isa = PBXFileReference; fileEncoding = 4; lastKnownFileType = file.xib; path = SubTableViewCell.xib; sourceTree = "<group>"; };
		9822F1B01FA01EEE00825133 /* RedemTableViewCell.swift */ = {isa = PBXFileReference; fileEncoding = 4; lastKnownFileType = sourcecode.swift; path = RedemTableViewCell.swift; sourceTree = "<group>"; };
		9822F1B11FA01EEE00825133 /* RedemTableViewCell.xib */ = {isa = PBXFileReference; fileEncoding = 4; lastKnownFileType = file.xib; path = RedemTableViewCell.xib; sourceTree = "<group>"; };
		9822F1B41FA01F0000825133 /* AllTranTableViewCell.swift */ = {isa = PBXFileReference; fileEncoding = 4; lastKnownFileType = sourcecode.swift; path = AllTranTableViewCell.swift; sourceTree = "<group>"; };
		9822F1B51FA01F0000825133 /* AllTranTableViewCell.xib */ = {isa = PBXFileReference; fileEncoding = 4; lastKnownFileType = file.xib; path = AllTranTableViewCell.xib; sourceTree = "<group>"; };
		9822F1B81FA01F1500825133 /* PortTableViewCell.swift */ = {isa = PBXFileReference; fileEncoding = 4; lastKnownFileType = sourcecode.swift; path = PortTableViewCell.swift; sourceTree = "<group>"; };
		9822F1B91FA01F1500825133 /* PortTableViewCell.xib */ = {isa = PBXFileReference; fileEncoding = 4; lastKnownFileType = file.xib; path = PortTableViewCell.xib; sourceTree = "<group>"; };
		9822F1BC1FA01F2700825133 /* PortCreditTableViewCell.swift */ = {isa = PBXFileReference; fileEncoding = 4; lastKnownFileType = sourcecode.swift; path = PortCreditTableViewCell.swift; sourceTree = "<group>"; };
		9822F1BD1FA01F2700825133 /* PortCreditTableViewCell.xib */ = {isa = PBXFileReference; fileEncoding = 4; lastKnownFileType = file.xib; path = PortCreditTableViewCell.xib; sourceTree = "<group>"; };
		982582481FA0BAB3002F0873 /* DialogSubViewController.swift */ = {isa = PBXFileReference; fileEncoding = 4; lastKnownFileType = sourcecode.swift; path = DialogSubViewController.swift; sourceTree = "<group>"; };
		982582491FA0BAB3002F0873 /* DialogSubViewController.xib */ = {isa = PBXFileReference; fileEncoding = 4; lastKnownFileType = file.xib; path = DialogSubViewController.xib; sourceTree = "<group>"; };
		9825824C1FA0D875002F0873 /* DialogRedemViewController.swift */ = {isa = PBXFileReference; fileEncoding = 4; lastKnownFileType = sourcecode.swift; path = DialogRedemViewController.swift; sourceTree = "<group>"; };
		9825824D1FA0D875002F0873 /* DialogRedemViewController.xib */ = {isa = PBXFileReference; fileEncoding = 4; lastKnownFileType = file.xib; path = DialogRedemViewController.xib; sourceTree = "<group>"; };
		982582501FA0D88C002F0873 /* DialogAllTranViewController.swift */ = {isa = PBXFileReference; fileEncoding = 4; lastKnownFileType = sourcecode.swift; path = DialogAllTranViewController.swift; sourceTree = "<group>"; };
		982582511FA0D88C002F0873 /* DialogAllTranViewController.xib */ = {isa = PBXFileReference; fileEncoding = 4; lastKnownFileType = file.xib; path = DialogAllTranViewController.xib; sourceTree = "<group>"; };
		984B3D501F852B1100ECA24D /* Format.swift */ = {isa = PBXFileReference; fileEncoding = 4; lastKnownFileType = sourcecode.swift; path = Format.swift; sourceTree = "<group>"; };
		984E1D711F6F830B00D0630E /* IRSMobile.app */ = {isa = PBXFileReference; explicitFileType = wrapper.application; includeInIndex = 0; path = IRSMobile.app; sourceTree = BUILT_PRODUCTS_DIR; };
		984E1D741F6F830C00D0630E /* AppDelegate.swift */ = {isa = PBXFileReference; lastKnownFileType = sourcecode.swift; path = AppDelegate.swift; sourceTree = "<group>"; };
		984E1D761F6F830C00D0630E /* ViewController.swift */ = {isa = PBXFileReference; lastKnownFileType = sourcecode.swift; path = ViewController.swift; sourceTree = "<group>"; };
		984E1D791F6F830C00D0630E /* Base */ = {isa = PBXFileReference; lastKnownFileType = file.storyboard; name = Base; path = Base.lproj/Main.storyboard; sourceTree = "<group>"; };
		984E1D7C1F6F830C00D0630E /* IRSMobile.xcdatamodel */ = {isa = PBXFileReference; lastKnownFileType = wrapper.xcdatamodel; path = IRSMobile.xcdatamodel; sourceTree = "<group>"; };
		984E1D7E1F6F830C00D0630E /* Assets.xcassets */ = {isa = PBXFileReference; lastKnownFileType = folder.assetcatalog; path = Assets.xcassets; sourceTree = "<group>"; };
		984E1D811F6F830C00D0630E /* Base */ = {isa = PBXFileReference; lastKnownFileType = file.storyboard; name = Base; path = Base.lproj/LaunchScreen.storyboard; sourceTree = "<group>"; };
		984E1D831F6F830C00D0630E /* Info.plist */ = {isa = PBXFileReference; lastKnownFileType = text.plist.xml; path = Info.plist; sourceTree = "<group>"; };
		984E1D8A1F6F847100D0630E /* LoginViewController.swift */ = {isa = PBXFileReference; fileEncoding = 4; lastKnownFileType = sourcecode.swift; path = LoginViewController.swift; sourceTree = "<group>"; };
		984E1D8B1F6F847100D0630E /* LoginViewController.xib */ = {isa = PBXFileReference; fileEncoding = 4; lastKnownFileType = file.xib; path = LoginViewController.xib; sourceTree = "<group>"; };
		984E1D8E1F6F848300D0630E /* MainViewController.swift */ = {isa = PBXFileReference; fileEncoding = 4; lastKnownFileType = sourcecode.swift; path = MainViewController.swift; sourceTree = "<group>"; };
		984E1D8F1F6F848300D0630E /* MainViewController.xib */ = {isa = PBXFileReference; fileEncoding = 4; lastKnownFileType = file.xib; path = MainViewController.xib; sourceTree = "<group>"; };
		98544C971FE9838B00F2892B /* DialogOTPLoginViewController.swift */ = {isa = PBXFileReference; fileEncoding = 4; lastKnownFileType = sourcecode.swift; path = DialogOTPLoginViewController.swift; sourceTree = "<group>"; };
		98544C981FE9838B00F2892B /* DialogOTPLoginViewController.xib */ = {isa = PBXFileReference; fileEncoding = 4; lastKnownFileType = file.xib; path = DialogOTPLoginViewController.xib; sourceTree = "<group>"; };
		98544C9B1FE99AAC00F2892B /* DialogOTPChangePassViewController.swift */ = {isa = PBXFileReference; fileEncoding = 4; lastKnownFileType = sourcecode.swift; path = DialogOTPChangePassViewController.swift; sourceTree = "<group>"; };
		98544C9C1FE99AAC00F2892B /* DialogOTPChangePassViewController.xib */ = {isa = PBXFileReference; fileEncoding = 4; lastKnownFileType = file.xib; path = DialogOTPChangePassViewController.xib; sourceTree = "<group>"; };
		98544C9F1FE99B1F00F2892B /* DialogOTPUpdateContactViewController.swift */ = {isa = PBXFileReference; fileEncoding = 4; lastKnownFileType = sourcecode.swift; path = DialogOTPUpdateContactViewController.swift; sourceTree = "<group>"; };
		98544CA01FE99B1F00F2892B /* DialogOTPUpdateContactViewController.xib */ = {isa = PBXFileReference; fileEncoding = 4; lastKnownFileType = file.xib; path = DialogOTPUpdateContactViewController.xib; sourceTree = "<group>"; };
		985F428F1FDD5DCA00B4914C /* Section.swift */ = {isa = PBXFileReference; fileEncoding = 4; lastKnownFileType = sourcecode.swift; path = Section.swift; sourceTree = "<group>"; };
		985F42911FDD601B00B4914C /* ExpandableHeaderView.swift */ = {isa = PBXFileReference; fileEncoding = 4; lastKnownFileType = sourcecode.swift; path = ExpandableHeaderView.swift; sourceTree = "<group>"; };
		986CF6361FDC5470009E5050 /* SubReciedTableViewCell.swift */ = {isa = PBXFileReference; fileEncoding = 4; lastKnownFileType = sourcecode.swift; path = SubReciedTableViewCell.swift; sourceTree = "<group>"; };
		986CF6371FDC5470009E5050 /* SubReciedTableViewCell.xib */ = {isa = PBXFileReference; fileEncoding = 4; lastKnownFileType = file.xib; path = SubReciedTableViewCell.xib; sourceTree = "<group>"; };
		986CF63A1FDC5483009E5050 /* SubOrderTableViewCell.swift */ = {isa = PBXFileReference; fileEncoding = 4; lastKnownFileType = sourcecode.swift; path = SubOrderTableViewCell.swift; sourceTree = "<group>"; };
		986CF63B1FDC5483009E5050 /* SubOrderTableViewCell.xib */ = {isa = PBXFileReference; fileEncoding = 4; lastKnownFileType = file.xib; path = SubOrderTableViewCell.xib; sourceTree = "<group>"; };
		986CF6421FDC54AB009E5050 /* RemOrderTableViewCell.swift */ = {isa = PBXFileReference; fileEncoding = 4; lastKnownFileType = sourcecode.swift; path = RemOrderTableViewCell.swift; sourceTree = "<group>"; };
		986CF6431FDC54AB009E5050 /* RemOrderTableViewCell.xib */ = {isa = PBXFileReference; fileEncoding = 4; lastKnownFileType = file.xib; path = RemOrderTableViewCell.xib; sourceTree = "<group>"; };
		986CF6461FDC6B9C009E5050 /* RemCashTableViewCell.swift */ = {isa = PBXFileReference; fileEncoding = 4; lastKnownFileType = sourcecode.swift; path = RemCashTableViewCell.swift; sourceTree = "<group>"; };
		986CF6471FDC6B9C009E5050 /* RemCashTableViewCell.xib */ = {isa = PBXFileReference; fileEncoding = 4; lastKnownFileType = file.xib; path = RemCashTableViewCell.xib; sourceTree = "<group>"; };
		986CF64A1FDC7971009E5050 /* Control_Until.swift */ = {isa = PBXFileReference; fileEncoding = 4; lastKnownFileType = sourcecode.swift; path = Control_Until.swift; sourceTree = "<group>"; };
		986CF64C1FDC7CB1009E5050 /* Model_total.swift */ = {isa = PBXFileReference; fileEncoding = 4; lastKnownFileType = sourcecode.swift; path = Model_total.swift; sourceTree = "<group>"; };
		98973FFB1F7A503600137751 /* ConnectSv.swift */ = {isa = PBXFileReference; fileEncoding = 4; lastKnownFileType = sourcecode.swift; path = ConnectSv.swift; sourceTree = "<group>"; };
		98973FFE1F7A518300137751 /* Model_Invertor.swift */ = {isa = PBXFileReference; fileEncoding = 4; lastKnownFileType = sourcecode.swift; path = Model_Invertor.swift; sourceTree = "<group>"; };
		989CB4571F9C489700286910 /* AllTransactionTableViewCell.swift */ = {isa = PBXFileReference; fileEncoding = 4; lastKnownFileType = sourcecode.swift; path = AllTransactionTableViewCell.swift; sourceTree = "<group>"; };
		989CB4591F9C4C7100286910 /* Model_AllTransaction.swift */ = {isa = PBXFileReference; fileEncoding = 4; lastKnownFileType = sourcecode.swift; path = Model_AllTransaction.swift; sourceTree = "<group>"; };
		989CB45B1F9C7CAE00286910 /* PortfolioTableViewCell.swift */ = {isa = PBXFileReference; fileEncoding = 4; lastKnownFileType = sourcecode.swift; path = PortfolioTableViewCell.swift; sourceTree = "<group>"; };
		989CB45D1F9C890300286910 /* Model_Portfolio.swift */ = {isa = PBXFileReference; fileEncoding = 4; lastKnownFileType = sourcecode.swift; path = Model_Portfolio.swift; sourceTree = "<group>"; };
		989CB45F1F9C894000286910 /* Model_Portfolio_detail.swift */ = {isa = PBXFileReference; fileEncoding = 4; lastKnownFileType = sourcecode.swift; path = Model_Portfolio_detail.swift; sourceTree = "<group>"; };
		989CB4611F9C96BC00286910 /* PortfolioDetailTableViewCell.swift */ = {isa = PBXFileReference; fileEncoding = 4; lastKnownFileType = sourcecode.swift; path = PortfolioDetailTableViewCell.swift; sourceTree = "<group>"; };
		98A0B82B1FE023F800B99174 /* CountdowTimmer.swift */ = {isa = PBXFileReference; fileEncoding = 4; lastKnownFileType = sourcecode.swift; path = CountdowTimmer.swift; sourceTree = "<group>"; };
		98A2DD981F91A5A1005F03B5 /* RedemptionTableViewCell.swift */ = {isa = PBXFileReference; fileEncoding = 4; lastKnownFileType = sourcecode.swift; path = RedemptionTableViewCell.swift; sourceTree = "<group>"; };
		98CB90E81F89B4E900748A23 /* SubcriptionTableViewCell.swift */ = {isa = PBXFileReference; fileEncoding = 4; lastKnownFileType = sourcecode.swift; path = SubcriptionTableViewCell.swift; sourceTree = "<group>"; };
		98CB90EC1F89CF5F00748A23 /* Constant.swift */ = {isa = PBXFileReference; fileEncoding = 4; lastKnownFileType = sourcecode.swift; path = Constant.swift; sourceTree = "<group>"; };
		98CB90EE1F89D24B00748A23 /* Model_Subcription.swift */ = {isa = PBXFileReference; fileEncoding = 4; lastKnownFileType = sourcecode.swift; path = Model_Subcription.swift; sourceTree = "<group>"; };
		98CB90F01F89D38B00748A23 /* Model_Redemption.swift */ = {isa = PBXFileReference; fileEncoding = 4; lastKnownFileType = sourcecode.swift; path = Model_Redemption.swift; sourceTree = "<group>"; };
		98E74B851F82818F0038BA91 /* SubcriptionViewController.swift */ = {isa = PBXFileReference; fileEncoding = 4; lastKnownFileType = sourcecode.swift; path = SubcriptionViewController.swift; sourceTree = "<group>"; };
		98E74B861F82818F0038BA91 /* SubcriptionViewController.xib */ = {isa = PBXFileReference; fileEncoding = 4; lastKnownFileType = file.xib; path = SubcriptionViewController.xib; sourceTree = "<group>"; };
		98E74B891F8281A40038BA91 /* RedemptionViewController.swift */ = {isa = PBXFileReference; fileEncoding = 4; lastKnownFileType = sourcecode.swift; path = RedemptionViewController.swift; sourceTree = "<group>"; };
		98E74B8A1F8281A40038BA91 /* RedemptionViewController.xib */ = {isa = PBXFileReference; fileEncoding = 4; lastKnownFileType = file.xib; path = RedemptionViewController.xib; sourceTree = "<group>"; };
		98E74B8D1F8281B60038BA91 /* PortfolioViewController.swift */ = {isa = PBXFileReference; fileEncoding = 4; lastKnownFileType = sourcecode.swift; path = PortfolioViewController.swift; sourceTree = "<group>"; };
		98E74B8E1F8281B60038BA91 /* PortfolioViewController.xib */ = {isa = PBXFileReference; fileEncoding = 4; lastKnownFileType = file.xib; path = PortfolioViewController.xib; sourceTree = "<group>"; };
		98E74B921F8281F30038BA91 /* InvestorInfomationViewController.swift */ = {isa = PBXFileReference; fileEncoding = 4; lastKnownFileType = sourcecode.swift; path = InvestorInfomationViewController.swift; sourceTree = "<group>"; };
		98E74B931F8281F30038BA91 /* InvestorInfomationViewController.xib */ = {isa = PBXFileReference; fileEncoding = 4; lastKnownFileType = file.xib; path = InvestorInfomationViewController.xib; sourceTree = "<group>"; };
		98E74B961F82820B0038BA91 /* BankAcountViewController.swift */ = {isa = PBXFileReference; fileEncoding = 4; lastKnownFileType = sourcecode.swift; path = BankAcountViewController.swift; sourceTree = "<group>"; };
		98E74B971F82820B0038BA91 /* BankAcountViewController.xib */ = {isa = PBXFileReference; fileEncoding = 4; lastKnownFileType = file.xib; path = BankAcountViewController.xib; sourceTree = "<group>"; };
		98E74B9A1F8282300038BA91 /* ContactInformationViewController.swift */ = {isa = PBXFileReference; fileEncoding = 4; lastKnownFileType = sourcecode.swift; path = ContactInformationViewController.swift; sourceTree = "<group>"; };
		98E74B9B1F8282300038BA91 /* ContactInformationViewController.xib */ = {isa = PBXFileReference; fileEncoding = 4; lastKnownFileType = file.xib; path = ContactInformationViewController.xib; sourceTree = "<group>"; };
		98E74B9E1F8282420038BA91 /* ChangePasswordViewController.swift */ = {isa = PBXFileReference; fileEncoding = 4; lastKnownFileType = sourcecode.swift; path = ChangePasswordViewController.swift; sourceTree = "<group>"; };
		98E74B9F1F8282420038BA91 /* ChangePasswordViewController.xib */ = {isa = PBXFileReference; fileEncoding = 4; lastKnownFileType = file.xib; path = ChangePasswordViewController.xib; sourceTree = "<group>"; };
		98E74BA21F829C370038BA91 /* LogoutViewController.swift */ = {isa = PBXFileReference; fileEncoding = 4; lastKnownFileType = sourcecode.swift; path = LogoutViewController.swift; sourceTree = "<group>"; };
		98E74BA31F829C370038BA91 /* LogoutViewController.xib */ = {isa = PBXFileReference; fileEncoding = 4; lastKnownFileType = file.xib; path = LogoutViewController.xib; sourceTree = "<group>"; };
		98E74BA61F82AD8F0038BA91 /* vi */ = {isa = PBXFileReference; lastKnownFileType = text.plist.strings; name = vi; path = vi.lproj/Main.strings; sourceTree = "<group>"; };
		98E74BA71F82AD8F0038BA91 /* vi */ = {isa = PBXFileReference; lastKnownFileType = text.plist.strings; name = vi; path = vi.lproj/LaunchScreen.strings; sourceTree = "<group>"; };
		98F18EA81FA4CE840075CAA0 /* DialogConvesionShareViewController.swift */ = {isa = PBXFileReference; fileEncoding = 4; lastKnownFileType = sourcecode.swift; path = DialogConvesionShareViewController.swift; sourceTree = "<group>"; };
		98F18EA91FA4CE840075CAA0 /* DialogConvesionShareViewController.xib */ = {isa = PBXFileReference; fileEncoding = 4; lastKnownFileType = file.xib; path = DialogConvesionShareViewController.xib; sourceTree = "<group>"; };
		98F18EAC1FA4E51D0075CAA0 /* SplashViewController.swift */ = {isa = PBXFileReference; fileEncoding = 4; lastKnownFileType = sourcecode.swift; path = SplashViewController.swift; sourceTree = "<group>"; };
		98F18EAD1FA4E51D0075CAA0 /* SplashViewController.xib */ = {isa = PBXFileReference; fileEncoding = 4; lastKnownFileType = file.xib; path = SplashViewController.xib; sourceTree = "<group>"; };
		98F195C51F95E7AE00386AA5 /* ProfileView.swift */ = {isa = PBXFileReference; fileEncoding = 4; lastKnownFileType = sourcecode.swift; path = ProfileView.swift; sourceTree = "<group>"; };
		C789DD3DC913C2D4D9CC5890 /* Pods-IRSMobile.debug.xcconfig */ = {isa = PBXFileReference; includeInIndex = 1; lastKnownFileType = text.xcconfig; name = "Pods-IRSMobile.debug.xcconfig"; path = "Pods/Target Support Files/Pods-IRSMobile/Pods-IRSMobile.debug.xcconfig"; sourceTree = "<group>"; };
/* End PBXFileReference section */

/* Begin PBXFrameworksBuildPhase section */
		984E1D6E1F6F830B00D0630E /* Frameworks */ = {
			isa = PBXFrameworksBuildPhase;
			buildActionMask = 2147483647;
			files = (
				1CF2E2BDF3FED1B5D6419393 /* Pods_IRSMobile.framework in Frameworks */,
			);
			runOnlyForDeploymentPostprocessing = 0;
		};
/* End PBXFrameworksBuildPhase section */

/* Begin PBXGroup section */
		20138DC17069169FE3565D91 /* Pods */ = {
			isa = PBXGroup;
			children = (
				C789DD3DC913C2D4D9CC5890 /* Pods-IRSMobile.debug.xcconfig */,
				5D7FFFA9A79A74C318F27D7A /* Pods-IRSMobile.release.xcconfig */,
			);
			name = Pods;
			sourceTree = "<group>";
		};
		9801CAAD1F7B8172001488E1 /* Slideleft */ = {
			isa = PBXGroup;
			children = (
				9801CAB91F7B984B001488E1 /* UIViewController.swift */,
				9801CAA81F7B8163001488E1 /* String.swift */,
				9801CAA51F7B8163001488E1 /* BaseTableViewCell.swift */,
				9801CAA61F7B8163001488E1 /* DataTableViewCell.swift */,
				9801CAA71F7B8163001488E1 /* DataTableViewCell.xib */,
			);
			name = Slideleft;
			sourceTree = "<group>";
		};
		9801CAB21F7B8241001488E1 /* Transaction */ = {
			isa = PBXGroup;
			children = (
				9801CAB31F7B8273001488E1 /* AllTransactionViewController.swift */,
				9801CAB41F7B8273001488E1 /* AllTransactionViewController.xib */,
				98E74B851F82818F0038BA91 /* SubcriptionViewController.swift */,
				98E74B861F82818F0038BA91 /* SubcriptionViewController.xib */,
				98E74B891F8281A40038BA91 /* RedemptionViewController.swift */,
				98E74B8A1F8281A40038BA91 /* RedemptionViewController.xib */,
				98E74B8D1F8281B60038BA91 /* PortfolioViewController.swift */,
				98E74B8E1F8281B60038BA91 /* PortfolioViewController.xib */,
				9819BE181FD71F1F00113D80 /* SubOrderViewController.swift */,
				9819BE191FD71F1F00113D80 /* SubOrderViewController.xib */,
				9819BE1C1FD71F3700113D80 /* SubReciedViewController.swift */,
				9819BE1D1FD71F3700113D80 /* SubReciedViewController.xib */,
				9819BE201FD71F5700113D80 /* RedemOrderViewController.swift */,
				9819BE211FD71F5700113D80 /* RedemOrderViewController.xib */,
				9819BE241FD71F6D00113D80 /* RedemCashViewController.swift */,
				9819BE251FD71F6D00113D80 /* RedemCashViewController.xib */,
			);
			name = Transaction;
			sourceTree = "<group>";
		};
		9819BDF71FD6DEEA00113D80 /* General */ = {
			isa = PBXGroup;
			children = (
				9819BDF81FD6DF5400113D80 /* ForgotPasswordViewController.swift */,
				9819BDF91FD6DF5400113D80 /* ForgotPasswordViewController.xib */,
				9819BDFC1FD6DF8B00113D80 /* FAQsViewController.swift */,
				9819BDFD1FD6DF8B00113D80 /* FAQsViewController.xib */,
				9819BE001FD6E00C00113D80 /* DataProtectPolicyViewController.swift */,
				9819BE011FD6E00C00113D80 /* DataProtectPolicyViewController.xib */,
				9819BE041FD6E07000113D80 /* SecurityTipsViewController.swift */,
				9819BE051FD6E07000113D80 /* SecurityTipsViewController.xib */,
				9819BE081FD6EF8600113D80 /* AboutCroweHorwathViewController.swift */,
				9819BE091FD6EF8600113D80 /* AboutCroweHorwathViewController.xib */,
				9819BE0C1FD706F800113D80 /* GeneralViewController.swift */,
				9819BE0D1FD706F800113D80 /* GeneralViewController.xib */,
			);
			name = General;
			sourceTree = "<group>";
		};
		9822F1A71FA01E3400825133 /* Tableviecellxib */ = {
			isa = PBXGroup;
			children = (
				9822F1AC1FA01ECF00825133 /* SubTableViewCell.swift */,
				9822F1AD1FA01ECF00825133 /* SubTableViewCell.xib */,
				9822F1B01FA01EEE00825133 /* RedemTableViewCell.swift */,
				9822F1B11FA01EEE00825133 /* RedemTableViewCell.xib */,
				9822F1B41FA01F0000825133 /* AllTranTableViewCell.swift */,
				9822F1B51FA01F0000825133 /* AllTranTableViewCell.xib */,
				9822F1B81FA01F1500825133 /* PortTableViewCell.swift */,
				9822F1B91FA01F1500825133 /* PortTableViewCell.xib */,
				9822F1BC1FA01F2700825133 /* PortCreditTableViewCell.swift */,
				9822F1BD1FA01F2700825133 /* PortCreditTableViewCell.xib */,
				986CF6361FDC5470009E5050 /* SubReciedTableViewCell.swift */,
				986CF6371FDC5470009E5050 /* SubReciedTableViewCell.xib */,
				986CF63A1FDC5483009E5050 /* SubOrderTableViewCell.swift */,
				986CF63B1FDC5483009E5050 /* SubOrderTableViewCell.xib */,
				986CF6421FDC54AB009E5050 /* RemOrderTableViewCell.swift */,
				986CF6431FDC54AB009E5050 /* RemOrderTableViewCell.xib */,
				986CF6461FDC6B9C009E5050 /* RemCashTableViewCell.swift */,
				986CF6471FDC6B9C009E5050 /* RemCashTableViewCell.xib */,
			);
			name = Tableviecellxib;
			sourceTree = "<group>";
		};
		982582471FA0BA26002F0873 /* Dialog */ = {
			isa = PBXGroup;
			children = (
				98544C9F1FE99B1F00F2892B /* DialogOTPUpdateContactViewController.swift */,
				98544CA01FE99B1F00F2892B /* DialogOTPUpdateContactViewController.xib */,
				98544C9B1FE99AAC00F2892B /* DialogOTPChangePassViewController.swift */,
				98544C9C1FE99AAC00F2892B /* DialogOTPChangePassViewController.xib */,
				982582481FA0BAB3002F0873 /* DialogSubViewController.swift */,
				982582491FA0BAB3002F0873 /* DialogSubViewController.xib */,
				9825824C1FA0D875002F0873 /* DialogRedemViewController.swift */,
				9825824D1FA0D875002F0873 /* DialogRedemViewController.xib */,
				982582501FA0D88C002F0873 /* DialogAllTranViewController.swift */,
				982582511FA0D88C002F0873 /* DialogAllTranViewController.xib */,
				98F18EA81FA4CE840075CAA0 /* DialogConvesionShareViewController.swift */,
				98F18EA91FA4CE840075CAA0 /* DialogConvesionShareViewController.xib */,
				98544C971FE9838B00F2892B /* DialogOTPLoginViewController.swift */,
				98544C981FE9838B00F2892B /* DialogOTPLoginViewController.xib */,
			);
			name = Dialog;
			sourceTree = "<group>";
		};
		984B3D4F1F852A7700ECA24D /* Untils */ = {
			isa = PBXGroup;
			children = (
				984B3D501F852B1100ECA24D /* Format.swift */,
				98CB90EC1F89CF5F00748A23 /* Constant.swift */,
				986CF64A1FDC7971009E5050 /* Control_Until.swift */,
				985F428F1FDD5DCA00B4914C /* Section.swift */,
				985F42911FDD601B00B4914C /* ExpandableHeaderView.swift */,
				98A0B82B1FE023F800B99174 /* CountdowTimmer.swift */,
			);
			name = Untils;
			sourceTree = "<group>";
		};
		984E1D681F6F830B00D0630E = {
			isa = PBXGroup;
			children = (
				984E1D731F6F830B00D0630E /* IRSMobile */,
				984E1D721F6F830B00D0630E /* Products */,
				20138DC17069169FE3565D91 /* Pods */,
				AEAF7F8DD0577458C8E9C58E /* Frameworks */,
			);
			sourceTree = "<group>";
		};
		984E1D721F6F830B00D0630E /* Products */ = {
			isa = PBXGroup;
			children = (
				984E1D711F6F830B00D0630E /* IRSMobile.app */,
			);
			name = Products;
			sourceTree = "<group>";
		};
		984E1D731F6F830B00D0630E /* IRSMobile */ = {
			isa = PBXGroup;
			children = (
				9819BDF71FD6DEEA00113D80 /* General */,
				982582471FA0BA26002F0873 /* Dialog */,
				9822F1A71FA01E3400825133 /* Tableviecellxib */,
				98969CBD1F966B11009F60A5 /* Views */,
				98CB90E71F89B49900748A23 /* Tableviewcellcode */,
				984B3D4F1F852A7700ECA24D /* Untils */,
				98E74B911F8281CD0038BA91 /* InvestorProfile */,
				9801CAB21F7B8241001488E1 /* Transaction */,
				9801CAAD1F7B8172001488E1 /* Slideleft */,
				98973FFD1F7A515800137751 /* Models */,
				98973FFA1F7A501700137751 /* Connect */,
				984E1D891F6F845500D0630E /* Acounts */,
				984E1D741F6F830C00D0630E /* AppDelegate.swift */,
				984E1D761F6F830C00D0630E /* ViewController.swift */,
				984E1D781F6F830C00D0630E /* Main.storyboard */,
				984E1D7E1F6F830C00D0630E /* Assets.xcassets */,
				984E1D801F6F830C00D0630E /* LaunchScreen.storyboard */,
				984E1D831F6F830C00D0630E /* Info.plist */,
				984E1D7B1F6F830C00D0630E /* IRSMobile.xcdatamodeld */,
			);
			path = IRSMobile;
			sourceTree = "<group>";
		};
		984E1D891F6F845500D0630E /* Acounts */ = {
			isa = PBXGroup;
			children = (
				984E1D8A1F6F847100D0630E /* LoginViewController.swift */,
				984E1D8B1F6F847100D0630E /* LoginViewController.xib */,
				984E1D8E1F6F848300D0630E /* MainViewController.swift */,
				984E1D8F1F6F848300D0630E /* MainViewController.xib */,
				9801CAAE1F7B81BD001488E1 /* LeftViewController.swift */,
				9801CAAF1F7B81BD001488E1 /* LeftViewController.xib */,
				98E74BA21F829C370038BA91 /* LogoutViewController.swift */,
				98E74BA31F829C370038BA91 /* LogoutViewController.xib */,
				98F18EAC1FA4E51D0075CAA0 /* SplashViewController.swift */,
				98F18EAD1FA4E51D0075CAA0 /* SplashViewController.xib */,
			);
			name = Acounts;
			sourceTree = "<group>";
		};
		98969CBD1F966B11009F60A5 /* Views */ = {
			isa = PBXGroup;
			children = (
				98F195C51F95E7AE00386AA5 /* ProfileView.swift */,
			);
			name = Views;
			sourceTree = "<group>";
		};
		98973FFA1F7A501700137751 /* Connect */ = {
			isa = PBXGroup;
			children = (
				98973FFB1F7A503600137751 /* ConnectSv.swift */,
			);
			name = Connect;
			sourceTree = "<group>";
		};
		98973FFD1F7A515800137751 /* Models */ = {
			isa = PBXGroup;
			children = (
				98973FFE1F7A518300137751 /* Model_Invertor.swift */,
				98CB90EE1F89D24B00748A23 /* Model_Subcription.swift */,
				98CB90F01F89D38B00748A23 /* Model_Redemption.swift */,
				989CB4591F9C4C7100286910 /* Model_AllTransaction.swift */,
				989CB45D1F9C890300286910 /* Model_Portfolio.swift */,
				989CB45F1F9C894000286910 /* Model_Portfolio_detail.swift */,
				98199F341FDAEE6A00689E1C /* Model_sub_Order.swift */,
				98199F361FDAEFCF00689E1C /* Model_sub_Cash.swift */,
				98199F381FDAF06000689E1C /* Model_rem_Order.swift */,
				98199F3A1FDAF10700689E1C /* Model_rem_Cash.swift */,
				986CF64C1FDC7CB1009E5050 /* Model_total.swift */,
			);
			name = Models;
			sourceTree = "<group>";
		};
		98CB90E71F89B49900748A23 /* Tableviewcellcode */ = {
			isa = PBXGroup;
			children = (
				98CB90E81F89B4E900748A23 /* SubcriptionTableViewCell.swift */,
				98A2DD981F91A5A1005F03B5 /* RedemptionTableViewCell.swift */,
				989CB4571F9C489700286910 /* AllTransactionTableViewCell.swift */,
				989CB45B1F9C7CAE00286910 /* PortfolioTableViewCell.swift */,
				989CB4611F9C96BC00286910 /* PortfolioDetailTableViewCell.swift */,
			);
			name = Tableviewcellcode;
			sourceTree = "<group>";
		};
		98E74B911F8281CD0038BA91 /* InvestorProfile */ = {
			isa = PBXGroup;
			children = (
				98E74B921F8281F30038BA91 /* InvestorInfomationViewController.swift */,
				98E74B931F8281F30038BA91 /* InvestorInfomationViewController.xib */,
				98E74B961F82820B0038BA91 /* BankAcountViewController.swift */,
				98E74B971F82820B0038BA91 /* BankAcountViewController.xib */,
				98E74B9A1F8282300038BA91 /* ContactInformationViewController.swift */,
				98E74B9B1F8282300038BA91 /* ContactInformationViewController.xib */,
				98E74B9E1F8282420038BA91 /* ChangePasswordViewController.swift */,
				98E74B9F1F8282420038BA91 /* ChangePasswordViewController.xib */,
				9819BE101FD71DC600113D80 /* FundContactViewController.swift */,
				9819BE111FD71DC600113D80 /* FundContactViewController.xib */,
				9819BE141FD71DDE00113D80 /* FunAcountBankViewController.swift */,
				9819BE151FD71DDE00113D80 /* FunAcountBankViewController.xib */,
			);
			name = InvestorProfile;
			sourceTree = "<group>";
		};
		AEAF7F8DD0577458C8E9C58E /* Frameworks */ = {
			isa = PBXGroup;
			children = (
				26DEA9526943A8784546A418 /* Pods_IRSMobile.framework */,
			);
			name = Frameworks;
			sourceTree = "<group>";
		};
/* End PBXGroup section */

/* Begin PBXNativeTarget section */
		984E1D701F6F830B00D0630E /* IRSMobile */ = {
			isa = PBXNativeTarget;
			buildConfigurationList = 984E1D861F6F830C00D0630E /* Build configuration list for PBXNativeTarget "IRSMobile" */;
			buildPhases = (
				36851FD4FFAB4EFBC4923330 /* [CP] Check Pods Manifest.lock */,
				984E1D6D1F6F830B00D0630E /* Sources */,
				984E1D6E1F6F830B00D0630E /* Frameworks */,
				984E1D6F1F6F830B00D0630E /* Resources */,
				75F1DFF623FC8BF04355657C /* [CP] Embed Pods Frameworks */,
				87AECCA68F3889CE8A8731DA /* [CP] Copy Pods Resources */,
			);
			buildRules = (
			);
			dependencies = (
			);
			name = IRSMobile;
			productName = IRSMobile;
			productReference = 984E1D711F6F830B00D0630E /* IRSMobile.app */;
			productType = "com.apple.product-type.application";
		};
/* End PBXNativeTarget section */

/* Begin PBXProject section */
		984E1D691F6F830B00D0630E /* Project object */ = {
			isa = PBXProject;
			attributes = {
				LastSwiftUpdateCheck = 0830;
				LastUpgradeCheck = 0830;
				ORGANIZATIONNAME = "Doan Ngoc Hung";
				TargetAttributes = {
					984E1D701F6F830B00D0630E = {
						CreatedOnToolsVersion = 8.3.3;
						ProvisioningStyle = Automatic;
					};
				};
			};
			buildConfigurationList = 984E1D6C1F6F830B00D0630E /* Build configuration list for PBXProject "IRSMobile" */;
			compatibilityVersion = "Xcode 3.2";
			developmentRegion = English;
			hasScannedForEncodings = 0;
			knownRegions = (
				en,
				Base,
			);
			mainGroup = 984E1D681F6F830B00D0630E;
			productRefGroup = 984E1D721F6F830B00D0630E /* Products */;
			projectDirPath = "";
			projectRoot = "";
			targets = (
				984E1D701F6F830B00D0630E /* IRSMobile */,
			);
		};
/* End PBXProject section */

/* Begin PBXResourcesBuildPhase section */
		984E1D6F1F6F830B00D0630E /* Resources */ = {
			isa = PBXResourcesBuildPhase;
			buildActionMask = 2147483647;
			files = (
				984E1D8D1F6F847100D0630E /* LoginViewController.xib in Resources */,
				9819BE1B1FD71F1F00113D80 /* SubOrderViewController.xib in Resources */,
				98F18EAF1FA4E51D0075CAA0 /* SplashViewController.xib in Resources */,
				98F18EAB1FA4CE840075CAA0 /* DialogConvesionShareViewController.xib in Resources */,
				9819BE131FD71DC600113D80 /* FundContactViewController.xib in Resources */,
				986CF6491FDC6B9C009E5050 /* RemCashTableViewCell.xib in Resources */,
				98544C9A1FE9838B00F2892B /* DialogOTPLoginViewController.xib in Resources */,
				9819BE1F1FD71F3700113D80 /* SubReciedViewController.xib in Resources */,
				98E74B901F8281B60038BA91 /* PortfolioViewController.xib in Resources */,
				9819BE231FD71F5700113D80 /* RedemOrderViewController.xib in Resources */,
				98544CA21FE99B1F00F2892B /* DialogOTPUpdateContactViewController.xib in Resources */,
				98E74BA51F829C370038BA91 /* LogoutViewController.xib in Resources */,
				98E74B9D1F8282300038BA91 /* ContactInformationViewController.xib in Resources */,
				98E74B951F8281F30038BA91 /* InvestorInfomationViewController.xib in Resources */,
				986CF6451FDC54AB009E5050 /* RemOrderTableViewCell.xib in Resources */,
				9819BE0F1FD706F800113D80 /* GeneralViewController.xib in Resources */,
				9801CAB11F7B81BD001488E1 /* LeftViewController.xib in Resources */,
				9819BE271FD71F6D00113D80 /* RedemCashViewController.xib in Resources */,
				986CF6391FDC5470009E5050 /* SubReciedTableViewCell.xib in Resources */,
				9801CAAB1F7B8163001488E1 /* DataTableViewCell.xib in Resources */,
				9819BDFF1FD6DF8B00113D80 /* FAQsViewController.xib in Resources */,
				9822F1B31FA01EEE00825133 /* RedemTableViewCell.xib in Resources */,
				98E74B8C1F8281A40038BA91 /* RedemptionViewController.xib in Resources */,
				986CF63D1FDC5483009E5050 /* SubOrderTableViewCell.xib in Resources */,
				98E74BA11F8282420038BA91 /* ChangePasswordViewController.xib in Resources */,
				9819BDFB1FD6DF5400113D80 /* ForgotPasswordViewController.xib in Resources */,
				9822F1BB1FA01F1500825133 /* PortTableViewCell.xib in Resources */,
				9819BE031FD6E00C00113D80 /* DataProtectPolicyViewController.xib in Resources */,
				984E1D821F6F830C00D0630E /* LaunchScreen.storyboard in Resources */,
				9822F1B71FA01F0000825133 /* AllTranTableViewCell.xib in Resources */,
				98544C9E1FE99AAC00F2892B /* DialogOTPChangePassViewController.xib in Resources */,
				9819BE0B1FD6EF8600113D80 /* AboutCroweHorwathViewController.xib in Resources */,
				9819BE071FD6E07000113D80 /* SecurityTipsViewController.xib in Resources */,
				982582531FA0D88C002F0873 /* DialogAllTranViewController.xib in Resources */,
				9822F1AF1FA01ECF00825133 /* SubTableViewCell.xib in Resources */,
				984E1D911F6F848300D0630E /* MainViewController.xib in Resources */,
				9825824B1FA0BAB3002F0873 /* DialogSubViewController.xib in Resources */,
				9819BE171FD71DDE00113D80 /* FunAcountBankViewController.xib in Resources */,
				98E74B991F82820B0038BA91 /* BankAcountViewController.xib in Resources */,
				984E1D7F1F6F830C00D0630E /* Assets.xcassets in Resources */,
				9825824F1FA0D875002F0873 /* DialogRedemViewController.xib in Resources */,
				9822F1BF1FA01F2700825133 /* PortCreditTableViewCell.xib in Resources */,
				9801CAB61F7B8273001488E1 /* AllTransactionViewController.xib in Resources */,
				984E1D7A1F6F830C00D0630E /* Main.storyboard in Resources */,
				98E74B881F82818F0038BA91 /* SubcriptionViewController.xib in Resources */,
			);
			runOnlyForDeploymentPostprocessing = 0;
		};
/* End PBXResourcesBuildPhase section */

/* Begin PBXShellScriptBuildPhase section */
		36851FD4FFAB4EFBC4923330 /* [CP] Check Pods Manifest.lock */ = {
			isa = PBXShellScriptBuildPhase;
			buildActionMask = 2147483647;
			files = (
			);
			inputPaths = (
				"${PODS_PODFILE_DIR_PATH}/Podfile.lock",
				"${PODS_ROOT}/Manifest.lock",
			);
			name = "[CP] Check Pods Manifest.lock";
			outputPaths = (
				"$(DERIVED_FILE_DIR)/Pods-IRSMobile-checkManifestLockResult.txt",
			);
			runOnlyForDeploymentPostprocessing = 0;
			shellPath = /bin/sh;
			shellScript = "diff \"${PODS_PODFILE_DIR_PATH}/Podfile.lock\" \"${PODS_ROOT}/Manifest.lock\" > /dev/null\nif [ $? != 0 ] ; then\n    # print error to STDERR\n    echo \"error: The sandbox is not in sync with the Podfile.lock. Run 'pod install' or update your CocoaPods installation.\" >&2\n    exit 1\nfi\n# This output is used by Xcode 'outputs' to avoid re-running this script phase.\necho \"SUCCESS\" > \"${SCRIPT_OUTPUT_FILE_0}\"\n";
			showEnvVarsInLog = 0;
		};
		75F1DFF623FC8BF04355657C /* [CP] Embed Pods Frameworks */ = {
			isa = PBXShellScriptBuildPhase;
			buildActionMask = 2147483647;
			files = (
			);
			inputPaths = (
				"${SRCROOT}/Pods/Target Support Files/Pods-IRSMobile/Pods-IRSMobile-frameworks.sh",
				"${BUILT_PRODUCTS_DIR}/AFNetworking/AFNetworking.framework",
				"${BUILT_PRODUCTS_DIR}/DatePickerDialog/DatePickerDialog.framework",
				"${BUILT_PRODUCTS_DIR}/DropDown/DropDown.framework",
				"${BUILT_PRODUCTS_DIR}/LSDialogViewController/LSDialogViewController.framework",
				"${BUILT_PRODUCTS_DIR}/PureLayout/PureLayout.framework",
				"${BUILT_PRODUCTS_DIR}/SharkORM/SharkORM.framework",
				"${BUILT_PRODUCTS_DIR}/SlideMenuControllerSwift/SlideMenuControllerSwift.framework",
				"${BUILT_PRODUCTS_DIR}/Toaster/Toaster.framework",
			);
			name = "[CP] Embed Pods Frameworks";
			outputPaths = (
				"${TARGET_BUILD_DIR}/${FRAMEWORKS_FOLDER_PATH}/AFNetworking.framework",
				"${TARGET_BUILD_DIR}/${FRAMEWORKS_FOLDER_PATH}/DatePickerDialog.framework",
				"${TARGET_BUILD_DIR}/${FRAMEWORKS_FOLDER_PATH}/DropDown.framework",
				"${TARGET_BUILD_DIR}/${FRAMEWORKS_FOLDER_PATH}/LSDialogViewController.framework",
				"${TARGET_BUILD_DIR}/${FRAMEWORKS_FOLDER_PATH}/PureLayout.framework",
				"${TARGET_BUILD_DIR}/${FRAMEWORKS_FOLDER_PATH}/SharkORM.framework",
				"${TARGET_BUILD_DIR}/${FRAMEWORKS_FOLDER_PATH}/SlideMenuControllerSwift.framework",
				"${TARGET_BUILD_DIR}/${FRAMEWORKS_FOLDER_PATH}/Toaster.framework",
			);
			runOnlyForDeploymentPostprocessing = 0;
			shellPath = /bin/sh;
			shellScript = "\"${SRCROOT}/Pods/Target Support Files/Pods-IRSMobile/Pods-IRSMobile-frameworks.sh\"\n";
			showEnvVarsInLog = 0;
		};
		87AECCA68F3889CE8A8731DA /* [CP] Copy Pods Resources */ = {
			isa = PBXShellScriptBuildPhase;
			buildActionMask = 2147483647;
			files = (
			);
			inputPaths = (
			);
			name = "[CP] Copy Pods Resources";
			outputPaths = (
			);
			runOnlyForDeploymentPostprocessing = 0;
			shellPath = /bin/sh;
			shellScript = "\"${SRCROOT}/Pods/Target Support Files/Pods-IRSMobile/Pods-IRSMobile-resources.sh\"\n";
			showEnvVarsInLog = 0;
		};
/* End PBXShellScriptBuildPhase section */

/* Begin PBXSourcesBuildPhase section */
		984E1D6D1F6F830B00D0630E /* Sources */ = {
			isa = PBXSourcesBuildPhase;
			buildActionMask = 2147483647;
			files = (
				9819BE021FD6E00C00113D80 /* DataProtectPolicyViewController.swift in Sources */,
				984B3D511F852B1100ECA24D /* Format.swift in Sources */,
				9819BE161FD71DDE00113D80 /* FunAcountBankViewController.swift in Sources */,
				9819BDFE1FD6DF8B00113D80 /* FAQsViewController.swift in Sources */,
				98CB90EF1F89D24B00748A23 /* Model_Subcription.swift in Sources */,
				98F18EAA1FA4CE840075CAA0 /* DialogConvesionShareViewController.swift in Sources */,
				9801CAA91F7B8163001488E1 /* BaseTableViewCell.swift in Sources */,
				98199F371FDAEFCF00689E1C /* Model_sub_Cash.swift in Sources */,
				9822F1AE1FA01ECF00825133 /* SubTableViewCell.swift in Sources */,
				989CB45A1F9C4C7100286910 /* Model_AllTransaction.swift in Sources */,
				98199F351FDAEE6A00689E1C /* Model_sub_Order.swift in Sources */,
				984E1D8C1F6F847100D0630E /* LoginViewController.swift in Sources */,
				9801CAAC1F7B8163001488E1 /* String.swift in Sources */,
				9822F1B21FA01EEE00825133 /* RedemTableViewCell.swift in Sources */,
				98544CA11FE99B1F00F2892B /* DialogOTPUpdateContactViewController.swift in Sources */,
				986CF6381FDC5470009E5050 /* SubReciedTableViewCell.swift in Sources */,
				98A2DD991F91A5A1005F03B5 /* RedemptionTableViewCell.swift in Sources */,
				98CB90EA1F89B4E900748A23 /* SubcriptionTableViewCell.swift in Sources */,
				9825824E1FA0D875002F0873 /* DialogRedemViewController.swift in Sources */,
				98973FFF1F7A518300137751 /* Model_Invertor.swift in Sources */,
				98E74BA41F829C370038BA91 /* LogoutViewController.swift in Sources */,
				98973FFC1F7A503600137751 /* ConnectSv.swift in Sources */,
				98E74B8F1F8281B60038BA91 /* PortfolioViewController.swift in Sources */,
				982582521FA0D88C002F0873 /* DialogAllTranViewController.swift in Sources */,
				98E74B871F82818F0038BA91 /* SubcriptionViewController.swift in Sources */,
				98F195C61F95E7AE00386AA5 /* ProfileView.swift in Sources */,
				986CF6441FDC54AB009E5050 /* RemOrderTableViewCell.swift in Sources */,
				9801CAB01F7B81BD001488E1 /* LeftViewController.swift in Sources */,
				986CF6481FDC6B9C009E5050 /* RemCashTableViewCell.swift in Sources */,
				98CB90F11F89D38B00748A23 /* Model_Redemption.swift in Sources */,
				9822F1BA1FA01F1500825133 /* PortTableViewCell.swift in Sources */,
				989CB4601F9C894000286910 /* Model_Portfolio_detail.swift in Sources */,
				9819BE221FD71F5700113D80 /* RedemOrderViewController.swift in Sources */,
				98199F3B1FDAF10700689E1C /* Model_rem_Cash.swift in Sources */,
				98CB90ED1F89CF5F00748A23 /* Constant.swift in Sources */,
				9819BE121FD71DC600113D80 /* FundContactViewController.swift in Sources */,
				989CB4581F9C489700286910 /* AllTransactionTableViewCell.swift in Sources */,
				98E74B8B1F8281A40038BA91 /* RedemptionViewController.swift in Sources */,
				985F42901FDD5DCA00B4914C /* Section.swift in Sources */,
				9801CAAA1F7B8163001488E1 /* DataTableViewCell.swift in Sources */,
				98E74B9C1F8282300038BA91 /* ContactInformationViewController.swift in Sources */,
				98E74B981F82820B0038BA91 /* BankAcountViewController.swift in Sources */,
				98E74B941F8281F30038BA91 /* InvestorInfomationViewController.swift in Sources */,
				9822F1B61FA01F0000825133 /* AllTranTableViewCell.swift in Sources */,
				9819BE1E1FD71F3700113D80 /* SubReciedViewController.swift in Sources */,
				98E74BA01F8282420038BA91 /* ChangePasswordViewController.swift in Sources */,
				986CF64B1FDC7971009E5050 /* Control_Until.swift in Sources */,
				9801CABA1F7B984B001488E1 /* UIViewController.swift in Sources */,
				9801CAB51F7B8273001488E1 /* AllTransactionViewController.swift in Sources */,
				9819BE061FD6E07000113D80 /* SecurityTipsViewController.swift in Sources */,
				9819BE0E1FD706F800113D80 /* GeneralViewController.swift in Sources */,
				984E1D7D1F6F830C00D0630E /* IRSMobile.xcdatamodeld in Sources */,
				9819BE1A1FD71F1F00113D80 /* SubOrderViewController.swift in Sources */,
				9822F1BE1FA01F2700825133 /* PortCreditTableViewCell.swift in Sources */,
				98199F391FDAF06100689E1C /* Model_rem_Order.swift in Sources */,
				9825824A1FA0BAB3002F0873 /* DialogSubViewController.swift in Sources */,
				986CF63C1FDC5483009E5050 /* SubOrderTableViewCell.swift in Sources */,
				9819BE0A1FD6EF8600113D80 /* AboutCroweHorwathViewController.swift in Sources */,
				989CB45C1F9C7CAE00286910 /* PortfolioTableViewCell.swift in Sources */,
				98544C991FE9838B00F2892B /* DialogOTPLoginViewController.swift in Sources */,
				984E1D771F6F830C00D0630E /* ViewController.swift in Sources */,
				984E1D751F6F830C00D0630E /* AppDelegate.swift in Sources */,
				989CB4621F9C96BC00286910 /* PortfolioDetailTableViewCell.swift in Sources */,
				98A0B82C1FE023F800B99174 /* CountdowTimmer.swift in Sources */,
				985F42921FDD601B00B4914C /* ExpandableHeaderView.swift in Sources */,
				9819BE261FD71F6D00113D80 /* RedemCashViewController.swift in Sources */,
				9819BDFA1FD6DF5400113D80 /* ForgotPasswordViewController.swift in Sources */,
				986CF64D1FDC7CB1009E5050 /* Model_total.swift in Sources */,
				98544C9D1FE99AAC00F2892B /* DialogOTPChangePassViewController.swift in Sources */,
				989CB45E1F9C890300286910 /* Model_Portfolio.swift in Sources */,
				984E1D901F6F848300D0630E /* MainViewController.swift in Sources */,
				98F18EAE1FA4E51D0075CAA0 /* SplashViewController.swift in Sources */,
			);
			runOnlyForDeploymentPostprocessing = 0;
		};
/* End PBXSourcesBuildPhase section */

/* Begin PBXVariantGroup section */
		984E1D781F6F830C00D0630E /* Main.storyboard */ = {
			isa = PBXVariantGroup;
			children = (
				984E1D791F6F830C00D0630E /* Base */,
				98E74BA61F82AD8F0038BA91 /* vi */,
			);
			name = Main.storyboard;
			sourceTree = "<group>";
		};
		984E1D801F6F830C00D0630E /* LaunchScreen.storyboard */ = {
			isa = PBXVariantGroup;
			children = (
				984E1D811F6F830C00D0630E /* Base */,
				98E74BA71F82AD8F0038BA91 /* vi */,
			);
			name = LaunchScreen.storyboard;
			sourceTree = "<group>";
		};
/* End PBXVariantGroup section */

/* Begin XCBuildConfiguration section */
		984E1D841F6F830C00D0630E /* Debug */ = {
			isa = XCBuildConfiguration;
			buildSettings = {
				ALWAYS_SEARCH_USER_PATHS = NO;
				CLANG_ANALYZER_LOCALIZABILITY_NONLOCALIZED = YES;
				CLANG_ANALYZER_NONNULL = YES;
				CLANG_ANALYZER_NUMBER_OBJECT_CONVERSION = YES_AGGRESSIVE;
				CLANG_CXX_LANGUAGE_STANDARD = "gnu++0x";
				CLANG_CXX_LIBRARY = "libc++";
				CLANG_ENABLE_MODULES = YES;
				CLANG_ENABLE_OBJC_ARC = YES;
				CLANG_WARN_BOOL_CONVERSION = YES;
				CLANG_WARN_CONSTANT_CONVERSION = YES;
				CLANG_WARN_DIRECT_OBJC_ISA_USAGE = YES_ERROR;
				CLANG_WARN_DOCUMENTATION_COMMENTS = YES;
				CLANG_WARN_EMPTY_BODY = YES;
				CLANG_WARN_ENUM_CONVERSION = YES;
				CLANG_WARN_INFINITE_RECURSION = YES;
				CLANG_WARN_INT_CONVERSION = YES;
				CLANG_WARN_OBJC_ROOT_CLASS = YES_ERROR;
				CLANG_WARN_SUSPICIOUS_MOVE = YES;
				CLANG_WARN_UNREACHABLE_CODE = YES;
				CLANG_WARN__DUPLICATE_METHOD_MATCH = YES;
				"CODE_SIGN_IDENTITY[sdk=iphoneos*]" = "iPhone Developer";
				COPY_PHASE_STRIP = NO;
				DEBUG_INFORMATION_FORMAT = dwarf;
				ENABLE_STRICT_OBJC_MSGSEND = YES;
				ENABLE_TESTABILITY = YES;
				GCC_C_LANGUAGE_STANDARD = gnu99;
				GCC_DYNAMIC_NO_PIC = NO;
				GCC_NO_COMMON_BLOCKS = YES;
				GCC_OPTIMIZATION_LEVEL = 0;
				GCC_PREPROCESSOR_DEFINITIONS = (
					"DEBUG=1",
					"$(inherited)",
				);
				GCC_WARN_64_TO_32_BIT_CONVERSION = YES;
				GCC_WARN_ABOUT_RETURN_TYPE = YES_ERROR;
				GCC_WARN_UNDECLARED_SELECTOR = YES;
				GCC_WARN_UNINITIALIZED_AUTOS = YES_AGGRESSIVE;
				GCC_WARN_UNUSED_FUNCTION = YES;
				GCC_WARN_UNUSED_VARIABLE = YES;
				IPHONEOS_DEPLOYMENT_TARGET = 10.3;
				MTL_ENABLE_DEBUG_INFO = YES;
				ONLY_ACTIVE_ARCH = YES;
				SDKROOT = iphoneos;
				SWIFT_ACTIVE_COMPILATION_CONDITIONS = DEBUG;
				SWIFT_OPTIMIZATION_LEVEL = "-Onone";
			};
			name = Debug;
		};
		984E1D851F6F830C00D0630E /* Release */ = {
			isa = XCBuildConfiguration;
			buildSettings = {
				ALWAYS_SEARCH_USER_PATHS = NO;
				CLANG_ANALYZER_LOCALIZABILITY_NONLOCALIZED = YES;
				CLANG_ANALYZER_NONNULL = YES;
				CLANG_ANALYZER_NUMBER_OBJECT_CONVERSION = YES_AGGRESSIVE;
				CLANG_CXX_LANGUAGE_STANDARD = "gnu++0x";
				CLANG_CXX_LIBRARY = "libc++";
				CLANG_ENABLE_MODULES = YES;
				CLANG_ENABLE_OBJC_ARC = YES;
				CLANG_WARN_BOOL_CONVERSION = YES;
				CLANG_WARN_CONSTANT_CONVERSION = YES;
				CLANG_WARN_DIRECT_OBJC_ISA_USAGE = YES_ERROR;
				CLANG_WARN_DOCUMENTATION_COMMENTS = YES;
				CLANG_WARN_EMPTY_BODY = YES;
				CLANG_WARN_ENUM_CONVERSION = YES;
				CLANG_WARN_INFINITE_RECURSION = YES;
				CLANG_WARN_INT_CONVERSION = YES;
				CLANG_WARN_OBJC_ROOT_CLASS = YES_ERROR;
				CLANG_WARN_SUSPICIOUS_MOVE = YES;
				CLANG_WARN_UNREACHABLE_CODE = YES;
				CLANG_WARN__DUPLICATE_METHOD_MATCH = YES;
				"CODE_SIGN_IDENTITY[sdk=iphoneos*]" = "iPhone Developer";
				COPY_PHASE_STRIP = NO;
				DEBUG_INFORMATION_FORMAT = "dwarf-with-dsym";
				ENABLE_NS_ASSERTIONS = NO;
				ENABLE_STRICT_OBJC_MSGSEND = YES;
				GCC_C_LANGUAGE_STANDARD = gnu99;
				GCC_NO_COMMON_BLOCKS = YES;
				GCC_WARN_64_TO_32_BIT_CONVERSION = YES;
				GCC_WARN_ABOUT_RETURN_TYPE = YES_ERROR;
				GCC_WARN_UNDECLARED_SELECTOR = YES;
				GCC_WARN_UNINITIALIZED_AUTOS = YES_AGGRESSIVE;
				GCC_WARN_UNUSED_FUNCTION = YES;
				GCC_WARN_UNUSED_VARIABLE = YES;
				IPHONEOS_DEPLOYMENT_TARGET = 10.3;
				MTL_ENABLE_DEBUG_INFO = NO;
				SDKROOT = iphoneos;
				SWIFT_OPTIMIZATION_LEVEL = "-Owholemodule";
				VALIDATE_PRODUCT = YES;
			};
			name = Release;
		};
		984E1D871F6F830C00D0630E /* Debug */ = {
			isa = XCBuildConfiguration;
			baseConfigurationReference = C789DD3DC913C2D4D9CC5890 /* Pods-IRSMobile.debug.xcconfig */;
			buildSettings = {
				ASSETCATALOG_COMPILER_APPICON_NAME = AppIcon;
				INFOPLIST_FILE = IRSMobile/Info.plist;
				LD_RUNPATH_SEARCH_PATHS = "$(inherited) @executable_path/Frameworks";
				PRODUCT_BUNDLE_IDENTIFIER = hungdn.IRSMobile;
				PRODUCT_NAME = "$(TARGET_NAME)";
				SWIFT_VERSION = 3.0;
			};
			name = Debug;
		};
		984E1D881F6F830C00D0630E /* Release */ = {
			isa = XCBuildConfiguration;
			baseConfigurationReference = 5D7FFFA9A79A74C318F27D7A /* Pods-IRSMobile.release.xcconfig */;
			buildSettings = {
				ASSETCATALOG_COMPILER_APPICON_NAME = AppIcon;
				INFOPLIST_FILE = IRSMobile/Info.plist;
				LD_RUNPATH_SEARCH_PATHS = "$(inherited) @executable_path/Frameworks";
				PRODUCT_BUNDLE_IDENTIFIER = hungdn.IRSMobile;
				PRODUCT_NAME = "$(TARGET_NAME)";
				SWIFT_VERSION = 3.0;
			};
			name = Release;
		};
/* End XCBuildConfiguration section */

/* Begin XCConfigurationList section */
		984E1D6C1F6F830B00D0630E /* Build configuration list for PBXProject "IRSMobile" */ = {
			isa = XCConfigurationList;
			buildConfigurations = (
				984E1D841F6F830C00D0630E /* Debug */,
				984E1D851F6F830C00D0630E /* Release */,
			);
			defaultConfigurationIsVisible = 0;
			defaultConfigurationName = Release;
		};
		984E1D861F6F830C00D0630E /* Build configuration list for PBXNativeTarget "IRSMobile" */ = {
			isa = XCConfigurationList;
			buildConfigurations = (
				984E1D871F6F830C00D0630E /* Debug */,
				984E1D881F6F830C00D0630E /* Release */,
			);
			defaultConfigurationIsVisible = 0;
			defaultConfigurationName = Release;
		};
/* End XCConfigurationList section */

/* Begin XCVersionGroup section */
		984E1D7B1F6F830C00D0630E /* IRSMobile.xcdatamodeld */ = {
			isa = XCVersionGroup;
			children = (
				984E1D7C1F6F830C00D0630E /* IRSMobile.xcdatamodel */,
			);
			currentVersion = 984E1D7C1F6F830C00D0630E /* IRSMobile.xcdatamodel */;
			path = IRSMobile.xcdatamodeld;
			sourceTree = "<group>";
			versionGroupType = wrapper.xcdatamodel;
		};
/* End XCVersionGroup section */
	};
	rootObject = 984E1D691F6F830B00D0630E /* Project object */;
}
