// !$*UTF8*$!
{
	archiveVersion = 1;
	classes = {
	};
	objectVersion = 46;
	objects = {

/* Begin PBXBuildFile section */
		1CF2E2BDF3FED1B5D6419393 /* Pods_IRSMobile.framework in Frameworks */ = {isa = PBXBuildFile; fileRef = 26DEA9526943A8784546A418 /* Pods_IRSMobile.framework */; };
		9801CAA91F7B8163001488E1 /* BaseTableViewCell.swift in Sources */ = {isa = PBXBuildFile; fileRef = 9801CAA51F7B8163001488E1 /* BaseTableViewCell.swift */; };
		9801CAAA1F7B8163001488E1 /* DataTableViewCell.swift in Sources */ = {isa = PBXBuildFile; fileRef = 9801CAA61F7B8163001488E1 /* DataTableViewCell.swift */; };
		9801CAAB1F7B8163001488E1 /* DataTableViewCell.xib in Resources */ = {isa = PBXBuildFile; fileRef = 9801CAA71F7B8163001488E1 /* DataTableViewCell.xib */; };
		9801CAAC1F7B8163001488E1 /* String.swift in Sources */ = {isa = PBXBuildFile; fileRef = 9801CAA81F7B8163001488E1 /* String.swift */; };
		9801CAB01F7B81BD001488E1 /* LeftViewController.swift in Sources */ = {isa = PBXBuildFile; fileRef = 9801CAAE1F7B81BD001488E1 /* LeftViewController.swift */; };
		9801CAB11F7B81BD001488E1 /* LeftViewController.xib in Resources */ = {isa = PBXBuildFile; fileRef = 9801CAAF1F7B81BD001488E1 /* LeftViewController.xib */; };
		9801CAB51F7B8273001488E1 /* AllTransactionViewController.swift in Sources */ = {isa = PBXBuildFile; fileRef = 9801CAB31F7B8273001488E1 /* AllTransactionViewController.swift */; };
		9801CAB61F7B8273001488E1 /* AllTransactionViewController.xib in Resources */ = {isa = PBXBuildFile; fileRef = 9801CAB41F7B8273001488E1 /* AllTransactionViewController.xib */; };
		9801CABA1F7B984B001488E1 /* UIViewController.swift in Sources */ = {isa = PBXBuildFile; fileRef = 9801CAB91F7B984B001488E1 /* UIViewController.swift */; };
		984B3D511F852B1100ECA24D /* Format.swift in Sources */ = {isa = PBXBuildFile; fileRef = 984B3D501F852B1100ECA24D /* Format.swift */; };
		984E1D751F6F830C00D0630E /* AppDelegate.swift in Sources */ = {isa = PBXBuildFile; fileRef = 984E1D741F6F830C00D0630E /* AppDelegate.swift */; };
		984E1D771F6F830C00D0630E /* ViewController.swift in Sources */ = {isa = PBXBuildFile; fileRef = 984E1D761F6F830C00D0630E /* ViewController.swift */; };
		984E1D7A1F6F830C00D0630E /* Main.storyboard in Resources */ = {isa = PBXBuildFile; fileRef = 984E1D781F6F830C00D0630E /* Main.storyboard */; };
		984E1D7D1F6F830C00D0630E /* IRSMobile.xcdatamodeld in Sources */ = {isa = PBXBuildFile; fileRef = 984E1D7B1F6F830C00D0630E /* IRSMobile.xcdatamodeld */; };
		984E1D7F1F6F830C00D0630E /* Assets.xcassets in Resources */ = {isa = PBXBuildFile; fileRef = 984E1D7E1F6F830C00D0630E /* Assets.xcassets */; };
		984E1D821F6F830C00D0630E /* LaunchScreen.storyboard in Resources */ = {isa = PBXBuildFile; fileRef = 984E1D801F6F830C00D0630E /* LaunchScreen.storyboard */; };
		984E1D8C1F6F847100D0630E /* LoginViewController.swift in Sources */ = {isa = PBXBuildFile; fileRef = 984E1D8A1F6F847100D0630E /* LoginViewController.swift */; };
		984E1D8D1F6F847100D0630E /* LoginViewController.xib in Resources */ = {isa = PBXBuildFile; fileRef = 984E1D8B1F6F847100D0630E /* LoginViewController.xib */; };
		984E1D901F6F848300D0630E /* MainViewController.swift in Sources */ = {isa = PBXBuildFile; fileRef = 984E1D8E1F6F848300D0630E /* MainViewController.swift */; };
		984E1D911F6F848300D0630E /* MainViewController.xib in Resources */ = {isa = PBXBuildFile; fileRef = 984E1D8F1F6F848300D0630E /* MainViewController.xib */; };
		98973FFC1F7A503600137751 /* ConnectSv.swift in Sources */ = {isa = PBXBuildFile; fileRef = 98973FFB1F7A503600137751 /* ConnectSv.swift */; };
		98973FFF1F7A518300137751 /* Model_Invertor.swift in Sources */ = {isa = PBXBuildFile; fileRef = 98973FFE1F7A518300137751 /* Model_Invertor.swift */; };
		98A2DD991F91A5A1005F03B5 /* RedemptionTableViewCell.swift in Sources */ = {isa = PBXBuildFile; fileRef = 98A2DD981F91A5A1005F03B5 /* RedemptionTableViewCell.swift */; };
		98CB90EA1F89B4E900748A23 /* SubcriptionTableViewCell.swift in Sources */ = {isa = PBXBuildFile; fileRef = 98CB90E81F89B4E900748A23 /* SubcriptionTableViewCell.swift */; };
		98CB90EB1F89B4E900748A23 /* SubcriptionTableViewCell.xib in Resources */ = {isa = PBXBuildFile; fileRef = 98CB90E91F89B4E900748A23 /* SubcriptionTableViewCell.xib */; };
		98CB90ED1F89CF5F00748A23 /* Constant.swift in Sources */ = {isa = PBXBuildFile; fileRef = 98CB90EC1F89CF5F00748A23 /* Constant.swift */; };
		98CB90EF1F89D24B00748A23 /* Model_Subcription.swift in Sources */ = {isa = PBXBuildFile; fileRef = 98CB90EE1F89D24B00748A23 /* Model_Subcription.swift */; };
		98CB90F11F89D38B00748A23 /* Model_Redemption.swift in Sources */ = {isa = PBXBuildFile; fileRef = 98CB90F01F89D38B00748A23 /* Model_Redemption.swift */; };
		98E74B871F82818F0038BA91 /* SubcriptionViewController.swift in Sources */ = {isa = PBXBuildFile; fileRef = 98E74B851F82818F0038BA91 /* SubcriptionViewController.swift */; };
		98E74B881F82818F0038BA91 /* SubcriptionViewController.xib in Resources */ = {isa = PBXBuildFile; fileRef = 98E74B861F82818F0038BA91 /* SubcriptionViewController.xib */; };
		98E74B8B1F8281A40038BA91 /* RedemptionViewController.swift in Sources */ = {isa = PBXBuildFile; fileRef = 98E74B891F8281A40038BA91 /* RedemptionViewController.swift */; };
		98E74B8C1F8281A40038BA91 /* RedemptionViewController.xib in Resources */ = {isa = PBXBuildFile; fileRef = 98E74B8A1F8281A40038BA91 /* RedemptionViewController.xib */; };
		98E74B8F1F8281B60038BA91 /* PortfolioViewController.swift in Sources */ = {isa = PBXBuildFile; fileRef = 98E74B8D1F8281B60038BA91 /* PortfolioViewController.swift */; };
		98E74B901F8281B60038BA91 /* PortfolioViewController.xib in Resources */ = {isa = PBXBuildFile; fileRef = 98E74B8E1F8281B60038BA91 /* PortfolioViewController.xib */; };
		98E74B941F8281F30038BA91 /* InvestorInfomationViewController.swift in Sources */ = {isa = PBXBuildFile; fileRef = 98E74B921F8281F30038BA91 /* InvestorInfomationViewController.swift */; };
		98E74B951F8281F30038BA91 /* InvestorInfomationViewController.xib in Resources */ = {isa = PBXBuildFile; fileRef = 98E74B931F8281F30038BA91 /* InvestorInfomationViewController.xib */; };
		98E74B981F82820B0038BA91 /* BankAcountViewController.swift in Sources */ = {isa = PBXBuildFile; fileRef = 98E74B961F82820B0038BA91 /* BankAcountViewController.swift */; };
		98E74B991F82820B0038BA91 /* BankAcountViewController.xib in Resources */ = {isa = PBXBuildFile; fileRef = 98E74B971F82820B0038BA91 /* BankAcountViewController.xib */; };
		98E74B9C1F8282300038BA91 /* ContactInformationViewController.swift in Sources */ = {isa = PBXBuildFile; fileRef = 98E74B9A1F8282300038BA91 /* ContactInformationViewController.swift */; };
		98E74B9D1F8282300038BA91 /* ContactInformationViewController.xib in Resources */ = {isa = PBXBuildFile; fileRef = 98E74B9B1F8282300038BA91 /* ContactInformationViewController.xib */; };
		98E74BA01F8282420038BA91 /* ChangePasswordViewController.swift in Sources */ = {isa = PBXBuildFile; fileRef = 98E74B9E1F8282420038BA91 /* ChangePasswordViewController.swift */; };
		98E74BA11F8282420038BA91 /* ChangePasswordViewController.xib in Resources */ = {isa = PBXBuildFile; fileRef = 98E74B9F1F8282420038BA91 /* ChangePasswordViewController.xib */; };
		98E74BA41F829C370038BA91 /* LogoutViewController.swift in Sources */ = {isa = PBXBuildFile; fileRef = 98E74BA21F829C370038BA91 /* LogoutViewController.swift */; };
		98E74BA51F829C370038BA91 /* LogoutViewController.xib in Resources */ = {isa = PBXBuildFile; fileRef = 98E74BA31F829C370038BA91 /* LogoutViewController.xib */; };
		98F195C61F95E7AE00386AA5 /* ProfileView.swift in Sources */ = {isa = PBXBuildFile; fileRef = 98F195C51F95E7AE00386AA5 /* ProfileView.swift */; };
/* End PBXBuildFile section */

/* Begin PBXFileReference section */
		26DEA9526943A8784546A418 /* Pods_IRSMobile.framework */ = {isa = PBXFileReference; explicitFileType = wrapper.framework; includeInIndex = 0; path = Pods_IRSMobile.framework; sourceTree = BUILT_PRODUCTS_DIR; };
		5D7FFFA9A79A74C318F27D7A /* Pods-IRSMobile.release.xcconfig */ = {isa = PBXFileReference; includeInIndex = 1; lastKnownFileType = text.xcconfig; name = "Pods-IRSMobile.release.xcconfig"; path = "Pods/Target Support Files/Pods-IRSMobile/Pods-IRSMobile.release.xcconfig"; sourceTree = "<group>"; };
		9801CAA51F7B8163001488E1 /* BaseTableViewCell.swift */ = {isa = PBXFileReference; fileEncoding = 4; lastKnownFileType = sourcecode.swift; path = BaseTableViewCell.swift; sourceTree = "<group>"; };
		9801CAA61F7B8163001488E1 /* DataTableViewCell.swift */ = {isa = PBXFileReference; fileEncoding = 4; lastKnownFileType = sourcecode.swift; path = DataTableViewCell.swift; sourceTree = "<group>"; };
		9801CAA71F7B8163001488E1 /* DataTableViewCell.xib */ = {isa = PBXFileReference; fileEncoding = 4; lastKnownFileType = file.xib; path = DataTableViewCell.xib; sourceTree = "<group>"; };
		9801CAA81F7B8163001488E1 /* String.swift */ = {isa = PBXFileReference; fileEncoding = 4; lastKnownFileType = sourcecode.swift; path = String.swift; sourceTree = "<group>"; };
		9801CAAE1F7B81BD001488E1 /* LeftViewController.swift */ = {isa = PBXFileReference; fileEncoding = 4; lastKnownFileType = sourcecode.swift; path = LeftViewController.swift; sourceTree = "<group>"; };
		9801CAAF1F7B81BD001488E1 /* LeftViewController.xib */ = {isa = PBXFileReference; fileEncoding = 4; lastKnownFileType = file.xib; path = LeftViewController.xib; sourceTree = "<group>"; };
		9801CAB31F7B8273001488E1 /* AllTransactionViewController.swift */ = {isa = PBXFileReference; fileEncoding = 4; lastKnownFileType = sourcecode.swift; path = AllTransactionViewController.swift; sourceTree = "<group>"; };
		9801CAB41F7B8273001488E1 /* AllTransactionViewController.xib */ = {isa = PBXFileReference; fileEncoding = 4; lastKnownFileType = file.xib; path = AllTransactionViewController.xib; sourceTree = "<group>"; };
		9801CAB91F7B984B001488E1 /* UIViewController.swift */ = {isa = PBXFileReference; fileEncoding = 4; lastKnownFileType = sourcecode.swift; path = UIViewController.swift; sourceTree = "<group>"; };
		984B3D501F852B1100ECA24D /* Format.swift */ = {isa = PBXFileReference; fileEncoding = 4; lastKnownFileType = sourcecode.swift; path = Format.swift; sourceTree = "<group>"; };
		984E1D711F6F830B00D0630E /* IRSMobile.app */ = {isa = PBXFileReference; explicitFileType = wrapper.application; includeInIndex = 0; path = IRSMobile.app; sourceTree = BUILT_PRODUCTS_DIR; };
		984E1D741F6F830C00D0630E /* AppDelegate.swift */ = {isa = PBXFileReference; lastKnownFileType = sourcecode.swift; path = AppDelegate.swift; sourceTree = "<group>"; };
		984E1D761F6F830C00D0630E /* ViewController.swift */ = {isa = PBXFileReference; lastKnownFileType = sourcecode.swift; path = ViewController.swift; sourceTree = "<group>"; };
		984E1D791F6F830C00D0630E /* Base */ = {isa = PBXFileReference; lastKnownFileType = file.storyboard; name = Base; path = Base.lproj/Main.storyboard; sourceTree = "<group>"; };
		984E1D7C1F6F830C00D0630E /* IRSMobile.xcdatamodel */ = {isa = PBXFileReference; lastKnownFileType = wrapper.xcdatamodel; path = IRSMobile.xcdatamodel; sourceTree = "<group>"; };
		984E1D7E1F6F830C00D0630E /* Assets.xcassets */ = {isa = PBXFileReference; lastKnownFileType = folder.assetcatalog; path = Assets.xcassets; sourceTree = "<group>"; };
		984E1D811F6F830C00D0630E /* Base */ = {isa = PBXFileReference; lastKnownFileType = file.storyboard; name = Base; path = Base.lproj/LaunchScreen.storyboard; sourceTree = "<group>"; };
		984E1D831F6F830C00D0630E /* Info.plist */ = {isa = PBXFileReference; lastKnownFileType = text.plist.xml; path = Info.plist; sourceTree = "<group>"; };
		984E1D8A1F6F847100D0630E /* LoginViewController.swift */ = {isa = PBXFileReference; fileEncoding = 4; lastKnownFileType = sourcecode.swift; path = LoginViewController.swift; sourceTree = "<group>"; };
		984E1D8B1F6F847100D0630E /* LoginViewController.xib */ = {isa = PBXFileReference; fileEncoding = 4; lastKnownFileType = file.xib; path = LoginViewController.xib; sourceTree = "<group>"; };
		984E1D8E1F6F848300D0630E /* MainViewController.swift */ = {isa = PBXFileReference; fileEncoding = 4; lastKnownFileType = sourcecode.swift; path = MainViewController.swift; sourceTree = "<group>"; };
		984E1D8F1F6F848300D0630E /* MainViewController.xib */ = {isa = PBXFileReference; fileEncoding = 4; lastKnownFileType = file.xib; path = MainViewController.xib; sourceTree = "<group>"; };
		98973FFB1F7A503600137751 /* ConnectSv.swift */ = {isa = PBXFileReference; fileEncoding = 4; lastKnownFileType = sourcecode.swift; path = ConnectSv.swift; sourceTree = "<group>"; };
		98973FFE1F7A518300137751 /* Model_Invertor.swift */ = {isa = PBXFileReference; fileEncoding = 4; lastKnownFileType = sourcecode.swift; path = Model_Invertor.swift; sourceTree = "<group>"; };
		98A2DD981F91A5A1005F03B5 /* RedemptionTableViewCell.swift */ = {isa = PBXFileReference; fileEncoding = 4; lastKnownFileType = sourcecode.swift; path = RedemptionTableViewCell.swift; sourceTree = "<group>"; };
		98CB90E81F89B4E900748A23 /* SubcriptionTableViewCell.swift */ = {isa = PBXFileReference; fileEncoding = 4; lastKnownFileType = sourcecode.swift; path = SubcriptionTableViewCell.swift; sourceTree = "<group>"; };
		98CB90E91F89B4E900748A23 /* SubcriptionTableViewCell.xib */ = {isa = PBXFileReference; fileEncoding = 4; lastKnownFileType = file.xib; path = SubcriptionTableViewCell.xib; sourceTree = "<group>"; };
		98CB90EC1F89CF5F00748A23 /* Constant.swift */ = {isa = PBXFileReference; fileEncoding = 4; lastKnownFileType = sourcecode.swift; path = Constant.swift; sourceTree = "<group>"; };
		98CB90EE1F89D24B00748A23 /* Model_Subcription.swift */ = {isa = PBXFileReference; fileEncoding = 4; lastKnownFileType = sourcecode.swift; path = Model_Subcription.swift; sourceTree = "<group>"; };
		98CB90F01F89D38B00748A23 /* Model_Redemption.swift */ = {isa = PBXFileReference; fileEncoding = 4; lastKnownFileType = sourcecode.swift; path = Model_Redemption.swift; sourceTree = "<group>"; };
		98E74B851F82818F0038BA91 /* SubcriptionViewController.swift */ = {isa = PBXFileReference; fileEncoding = 4; lastKnownFileType = sourcecode.swift; path = SubcriptionViewController.swift; sourceTree = "<group>"; };
		98E74B861F82818F0038BA91 /* SubcriptionViewController.xib */ = {isa = PBXFileReference; fileEncoding = 4; lastKnownFileType = file.xib; path = SubcriptionViewController.xib; sourceTree = "<group>"; };
		98E74B891F8281A40038BA91 /* RedemptionViewController.swift */ = {isa = PBXFileReference; fileEncoding = 4; lastKnownFileType = sourcecode.swift; path = RedemptionViewController.swift; sourceTree = "<group>"; };
		98E74B8A1F8281A40038BA91 /* RedemptionViewController.xib */ = {isa = PBXFileReference; fileEncoding = 4; lastKnownFileType = file.xib; path = RedemptionViewController.xib; sourceTree = "<group>"; };
		98E74B8D1F8281B60038BA91 /* PortfolioViewController.swift */ = {isa = PBXFileReference; fileEncoding = 4; lastKnownFileType = sourcecode.swift; path = PortfolioViewController.swift; sourceTree = "<group>"; };
		98E74B8E1F8281B60038BA91 /* PortfolioViewController.xib */ = {isa = PBXFileReference; fileEncoding = 4; lastKnownFileType = file.xib; path = PortfolioViewController.xib; sourceTree = "<group>"; };
		98E74B921F8281F30038BA91 /* InvestorInfomationViewController.swift */ = {isa = PBXFileReference; fileEncoding = 4; lastKnownFileType = sourcecode.swift; path = InvestorInfomationViewController.swift; sourceTree = "<group>"; };
		98E74B931F8281F30038BA91 /* InvestorInfomationViewController.xib */ = {isa = PBXFileReference; fileEncoding = 4; lastKnownFileType = file.xib; path = InvestorInfomationViewController.xib; sourceTree = "<group>"; };
		98E74B961F82820B0038BA91 /* BankAcountViewController.swift */ = {isa = PBXFileReference; fileEncoding = 4; lastKnownFileType = sourcecode.swift; path = BankAcountViewController.swift; sourceTree = "<group>"; };
		98E74B971F82820B0038BA91 /* BankAcountViewController.xib */ = {isa = PBXFileReference; fileEncoding = 4; lastKnownFileType = file.xib; path = BankAcountViewController.xib; sourceTree = "<group>"; };
		98E74B9A1F8282300038BA91 /* ContactInformationViewController.swift */ = {isa = PBXFileReference; fileEncoding = 4; lastKnownFileType = sourcecode.swift; path = ContactInformationViewController.swift; sourceTree = "<group>"; };
		98E74B9B1F8282300038BA91 /* ContactInformationViewController.xib */ = {isa = PBXFileReference; fileEncoding = 4; lastKnownFileType = file.xib; path = ContactInformationViewController.xib; sourceTree = "<group>"; };
		98E74B9E1F8282420038BA91 /* ChangePasswordViewController.swift */ = {isa = PBXFileReference; fileEncoding = 4; lastKnownFileType = sourcecode.swift; path = ChangePasswordViewController.swift; sourceTree = "<group>"; };
		98E74B9F1F8282420038BA91 /* ChangePasswordViewController.xib */ = {isa = PBXFileReference; fileEncoding = 4; lastKnownFileType = file.xib; path = ChangePasswordViewController.xib; sourceTree = "<group>"; };
		98E74BA21F829C370038BA91 /* LogoutViewController.swift */ = {isa = PBXFileReference; fileEncoding = 4; lastKnownFileType = sourcecode.swift; path = LogoutViewController.swift; sourceTree = "<group>"; };
		98E74BA31F829C370038BA91 /* LogoutViewController.xib */ = {isa = PBXFileReference; fileEncoding = 4; lastKnownFileType = file.xib; path = LogoutViewController.xib; sourceTree = "<group>"; };
		98E74BA61F82AD8F0038BA91 /* vi */ = {isa = PBXFileReference; lastKnownFileType = text.plist.strings; name = vi; path = vi.lproj/Main.strings; sourceTree = "<group>"; };
		98E74BA71F82AD8F0038BA91 /* vi */ = {isa = PBXFileReference; lastKnownFileType = text.plist.strings; name = vi; path = vi.lproj/LaunchScreen.strings; sourceTree = "<group>"; };
		98F195C51F95E7AE00386AA5 /* ProfileView.swift */ = {isa = PBXFileReference; fileEncoding = 4; lastKnownFileType = sourcecode.swift; path = ProfileView.swift; sourceTree = "<group>"; };
		C789DD3DC913C2D4D9CC5890 /* Pods-IRSMobile.debug.xcconfig */ = {isa = PBXFileReference; includeInIndex = 1; lastKnownFileType = text.xcconfig; name = "Pods-IRSMobile.debug.xcconfig"; path = "Pods/Target Support Files/Pods-IRSMobile/Pods-IRSMobile.debug.xcconfig"; sourceTree = "<group>"; };
/* End PBXFileReference section */

/* Begin PBXFrameworksBuildPhase section */
		984E1D6E1F6F830B00D0630E /* Frameworks */ = {
			isa = PBXFrameworksBuildPhase;
			buildActionMask = 2147483647;
			files = (
				1CF2E2BDF3FED1B5D6419393 /* Pods_IRSMobile.framework in Frameworks */,
			);
			runOnlyForDeploymentPostprocessing = 0;
		};
/* End PBXFrameworksBuildPhase section */

/* Begin PBXGroup section */
		20138DC17069169FE3565D91 /* Pods */ = {
			isa = PBXGroup;
			children = (
				C789DD3DC913C2D4D9CC5890 /* Pods-IRSMobile.debug.xcconfig */,
				5D7FFFA9A79A74C318F27D7A /* Pods-IRSMobile.release.xcconfig */,
			);
			name = Pods;
			sourceTree = "<group>";
		};
		9801CAAD1F7B8172001488E1 /* Slideleft */ = {
			isa = PBXGroup;
			children = (
				9801CAB91F7B984B001488E1 /* UIViewController.swift */,
				9801CAA81F7B8163001488E1 /* String.swift */,
				9801CAA51F7B8163001488E1 /* BaseTableViewCell.swift */,
				9801CAA61F7B8163001488E1 /* DataTableViewCell.swift */,
				9801CAA71F7B8163001488E1 /* DataTableViewCell.xib */,
			);
			name = Slideleft;
			sourceTree = "<group>";
		};
		9801CAB21F7B8241001488E1 /* Transaction */ = {
			isa = PBXGroup;
			children = (
				9801CAB31F7B8273001488E1 /* AllTransactionViewController.swift */,
				9801CAB41F7B8273001488E1 /* AllTransactionViewController.xib */,
				98E74B851F82818F0038BA91 /* SubcriptionViewController.swift */,
				98E74B861F82818F0038BA91 /* SubcriptionViewController.xib */,
				98E74B891F8281A40038BA91 /* RedemptionViewController.swift */,
				98E74B8A1F8281A40038BA91 /* RedemptionViewController.xib */,
				98E74B8D1F8281B60038BA91 /* PortfolioViewController.swift */,
				98E74B8E1F8281B60038BA91 /* PortfolioViewController.xib */,
			);
			name = Transaction;
			sourceTree = "<group>";
		};
		984B3D4F1F852A7700ECA24D /* Untils */ = {
			isa = PBXGroup;
			children = (
				984B3D501F852B1100ECA24D /* Format.swift */,
				98CB90EC1F89CF5F00748A23 /* Constant.swift */,
			);
			name = Untils;
			sourceTree = "<group>";
		};
		984E1D681F6F830B00D0630E = {
			isa = PBXGroup;
			children = (
				984E1D731F6F830B00D0630E /* IRSMobile */,
				984E1D721F6F830B00D0630E /* Products */,
				20138DC17069169FE3565D91 /* Pods */,
				AEAF7F8DD0577458C8E9C58E /* Frameworks */,
			);
			sourceTree = "<group>";
		};
		984E1D721F6F830B00D0630E /* Products */ = {
			isa = PBXGroup;
			children = (
				984E1D711F6F830B00D0630E /* IRSMobile.app */,
			);
			name = Products;
			sourceTree = "<group>";
		};
		984E1D731F6F830B00D0630E /* IRSMobile */ = {
			isa = PBXGroup;
			children = (
				98CB90E71F89B49900748A23 /* Tableviewcellxib */,
				984B3D4F1F852A7700ECA24D /* Untils */,
				98E74B911F8281CD0038BA91 /* InvestorProfile */,
				9801CAB21F7B8241001488E1 /* Transaction */,
				9801CAAD1F7B8172001488E1 /* Slideleft */,
				98973FFD1F7A515800137751 /* Models */,
				98973FFA1F7A501700137751 /* Connect */,
				984E1D891F6F845500D0630E /* Acounts */,
				984E1D741F6F830C00D0630E /* AppDelegate.swift */,
				984E1D761F6F830C00D0630E /* ViewController.swift */,
				984E1D781F6F830C00D0630E /* Main.storyboard */,
				984E1D7E1F6F830C00D0630E /* Assets.xcassets */,
				984E1D801F6F830C00D0630E /* LaunchScreen.storyboard */,
				984E1D831F6F830C00D0630E /* Info.plist */,
				984E1D7B1F6F830C00D0630E /* IRSMobile.xcdatamodeld */,
			);
			path = IRSMobile;
			sourceTree = "<group>";
		};
		984E1D891F6F845500D0630E /* Acounts */ = {
			isa = PBXGroup;
			children = (
				984E1D8A1F6F847100D0630E /* LoginViewController.swift */,
				984E1D8B1F6F847100D0630E /* LoginViewController.xib */,
				984E1D8E1F6F848300D0630E /* MainViewController.swift */,
				984E1D8F1F6F848300D0630E /* MainViewController.xib */,
				9801CAAE1F7B81BD001488E1 /* LeftViewController.swift */,
				9801CAAF1F7B81BD001488E1 /* LeftViewController.xib */,
				98E74BA21F829C370038BA91 /* LogoutViewController.swift */,
				98E74BA31F829C370038BA91 /* LogoutViewController.xib */,
			);
			name = Acounts;
			sourceTree = "<group>";
		};
		98973FFA1F7A501700137751 /* Connect */ = {
			isa = PBXGroup;
			children = (
				98973FFB1F7A503600137751 /* ConnectSv.swift */,
			);
			name = Connect;
			sourceTree = "<group>";
		};
		98973FFD1F7A515800137751 /* Models */ = {
			isa = PBXGroup;
			children = (
				98973FFE1F7A518300137751 /* Model_Invertor.swift */,
				98CB90EE1F89D24B00748A23 /* Model_Subcription.swift */,
				98CB90F01F89D38B00748A23 /* Model_Redemption.swift */,
			);
			name = Models;
			sourceTree = "<group>";
		};
		98CB90E71F89B49900748A23 /* Tableviewcellxib */ = {
			isa = PBXGroup;
			children = (
				98CB90E81F89B4E900748A23 /* SubcriptionTableViewCell.swift */,
				98CB90E91F89B4E900748A23 /* SubcriptionTableViewCell.xib */,
				98A2DD981F91A5A1005F03B5 /* RedemptionTableViewCell.swift */,
				98F195C51F95E7AE00386AA5 /* ProfileView.swift */,
			);
			name = Tableviewcellxib;
			sourceTree = "<group>";
		};
		98E74B911F8281CD0038BA91 /* InvestorProfile */ = {
			isa = PBXGroup;
			children = (
				98E74B921F8281F30038BA91 /* InvestorInfomationViewController.swift */,
				98E74B931F8281F30038BA91 /* InvestorInfomationViewController.xib */,
				98E74B961F82820B0038BA91 /* BankAcountViewController.swift */,
				98E74B971F82820B0038BA91 /* BankAcountViewController.xib */,
				98E74B9A1F8282300038BA91 /* ContactInformationViewController.swift */,
				98E74B9B1F8282300038BA91 /* ContactInformationViewController.xib */,
				98E74B9E1F8282420038BA91 /* ChangePasswordViewController.swift */,
				98E74B9F1F8282420038BA91 /* ChangePasswordViewController.xib */,
			);
			name = InvestorProfile;
			sourceTree = "<group>";
		};
		AEAF7F8DD0577458C8E9C58E /* Frameworks */ = {
			isa = PBXGroup;
			children = (
				26DEA9526943A8784546A418 /* Pods_IRSMobile.framework */,
			);
			name = Frameworks;
			sourceTree = "<group>";
		};
/* End PBXGroup section */

/* Begin PBXNativeTarget section */
		984E1D701F6F830B00D0630E /* IRSMobile */ = {
			isa = PBXNativeTarget;
			buildConfigurationList = 984E1D861F6F830C00D0630E /* Build configuration list for PBXNativeTarget "IRSMobile" */;
			buildPhases = (
				36851FD4FFAB4EFBC4923330 /* [CP] Check Pods Manifest.lock */,
				984E1D6D1F6F830B00D0630E /* Sources */,
				984E1D6E1F6F830B00D0630E /* Frameworks */,
				984E1D6F1F6F830B00D0630E /* Resources */,
				75F1DFF623FC8BF04355657C /* [CP] Embed Pods Frameworks */,
				87AECCA68F3889CE8A8731DA /* [CP] Copy Pods Resources */,
			);
			buildRules = (
			);
			dependencies = (
			);
			name = IRSMobile;
			productName = IRSMobile;
			productReference = 984E1D711F6F830B00D0630E /* IRSMobile.app */;
			productType = "com.apple.product-type.application";
		};
/* End PBXNativeTarget section */

/* Begin PBXProject section */
		984E1D691F6F830B00D0630E /* Project object */ = {
			isa = PBXProject;
			attributes = {
				LastSwiftUpdateCheck = 0830;
				LastUpgradeCheck = 0830;
				ORGANIZATIONNAME = "Doan Ngoc Hung";
				TargetAttributes = {
					984E1D701F6F830B00D0630E = {
						CreatedOnToolsVersion = 8.3.3;
						ProvisioningStyle = Automatic;
					};
				};
			};
			buildConfigurationList = 984E1D6C1F6F830B00D0630E /* Build configuration list for PBXProject "IRSMobile" */;
			compatibilityVersion = "Xcode 3.2";
			developmentRegion = English;
			hasScannedForEncodings = 0;
			knownRegions = (
				en,
				Base,
			);
			mainGroup = 984E1D681F6F830B00D0630E;
			productRefGroup = 984E1D721F6F830B00D0630E /* Products */;
			projectDirPath = "";
			projectRoot = "";
			targets = (
				984E1D701F6F830B00D0630E /* IRSMobile */,
			);
		};
/* End PBXProject section */

/* Begin PBXResourcesBuildPhase section */
		984E1D6F1F6F830B00D0630E /* Resources */ = {
			isa = PBXResourcesBuildPhase;
			buildActionMask = 2147483647;
			files = (
				984E1D8D1F6F847100D0630E /* LoginViewController.xib in Resources */,
				98E74B901F8281B60038BA91 /* PortfolioViewController.xib in Resources */,
				98E74BA51F829C370038BA91 /* LogoutViewController.xib in Resources */,
				98E74B9D1F8282300038BA91 /* ContactInformationViewController.xib in Resources */,
				98E74B951F8281F30038BA91 /* InvestorInfomationViewController.xib in Resources */,
				9801CAB11F7B81BD001488E1 /* LeftViewController.xib in Resources */,
				9801CAAB1F7B8163001488E1 /* DataTableViewCell.xib in Resources */,
				98E74B8C1F8281A40038BA91 /* RedemptionViewController.xib in Resources */,
				98E74BA11F8282420038BA91 /* ChangePasswordViewController.xib in Resources */,
				984E1D821F6F830C00D0630E /* LaunchScreen.storyboard in Resources */,
				98CB90EB1F89B4E900748A23 /* SubcriptionTableViewCell.xib in Resources */,
				984E1D911F6F848300D0630E /* MainViewController.xib in Resources */,
				98E74B991F82820B0038BA91 /* BankAcountViewController.xib in Resources */,
				984E1D7F1F6F830C00D0630E /* Assets.xcassets in Resources */,
				9801CAB61F7B8273001488E1 /* AllTransactionViewController.xib in Resources */,
				984E1D7A1F6F830C00D0630E /* Main.storyboard in Resources */,
				98E74B881F82818F0038BA91 /* SubcriptionViewController.xib in Resources */,
			);
			runOnlyForDeploymentPostprocessing = 0;
		};
/* End PBXResourcesBuildPhase section */

/* Begin PBXShellScriptBuildPhase section */
		36851FD4FFAB4EFBC4923330 /* [CP] Check Pods Manifest.lock */ = {
			isa = PBXShellScriptBuildPhase;
			buildActionMask = 2147483647;
			files = (
			);
			inputPaths = (
				"${PODS_PODFILE_DIR_PATH}/Podfile.lock",
				"${PODS_ROOT}/Manifest.lock",
			);
			name = "[CP] Check Pods Manifest.lock";
			outputPaths = (
				"$(DERIVED_FILE_DIR)/Pods-IRSMobile-checkManifestLockResult.txt",
			);
			runOnlyForDeploymentPostprocessing = 0;
			shellPath = /bin/sh;
			shellScript = "diff \"${PODS_PODFILE_DIR_PATH}/Podfile.lock\" \"${PODS_ROOT}/Manifest.lock\" > /dev/null\nif [ $? != 0 ] ; then\n    # print error to STDERR\n    echo \"error: The sandbox is not in sync with the Podfile.lock. Run 'pod install' or update your CocoaPods installation.\" >&2\n    exit 1\nfi\n# This output is used by Xcode 'outputs' to avoid re-running this script phase.\necho \"SUCCESS\" > \"${SCRIPT_OUTPUT_FILE_0}\"\n";
			showEnvVarsInLog = 0;
		};
		75F1DFF623FC8BF04355657C /* [CP] Embed Pods Frameworks */ = {
			isa = PBXShellScriptBuildPhase;
			buildActionMask = 2147483647;
			files = (
			);
			inputPaths = (
				"${SRCROOT}/Pods/Target Support Files/Pods-IRSMobile/Pods-IRSMobile-frameworks.sh",
				"${BUILT_PRODUCTS_DIR}/AFNetworking/AFNetworking.framework",
				"${BUILT_PRODUCTS_DIR}/DatePickerDialog/DatePickerDialog.framework",
				"${BUILT_PRODUCTS_DIR}/PureLayout/PureLayout.framework",
				"${BUILT_PRODUCTS_DIR}/SharkORM/SharkORM.framework",
				"${BUILT_PRODUCTS_DIR}/SlideMenuControllerSwift/SlideMenuControllerSwift.framework",
				"${BUILT_PRODUCTS_DIR}/Toaster/Toaster.framework",
			);
			name = "[CP] Embed Pods Frameworks";
			outputPaths = (
				"${TARGET_BUILD_DIR}/${FRAMEWORKS_FOLDER_PATH}/AFNetworking.framework",
				"${TARGET_BUILD_DIR}/${FRAMEWORKS_FOLDER_PATH}/DatePickerDialog.framework",
				"${TARGET_BUILD_DIR}/${FRAMEWORKS_FOLDER_PATH}/PureLayout.framework",
				"${TARGET_BUILD_DIR}/${FRAMEWORKS_FOLDER_PATH}/SharkORM.framework",
				"${TARGET_BUILD_DIR}/${FRAMEWORKS_FOLDER_PATH}/SlideMenuControllerSwift.framework",
				"${TARGET_BUILD_DIR}/${FRAMEWORKS_FOLDER_PATH}/Toaster.framework",
			);
			runOnlyForDeploymentPostprocessing = 0;
			shellPath = /bin/sh;
			shellScript = "\"${SRCROOT}/Pods/Target Support Files/Pods-IRSMobile/Pods-IRSMobile-frameworks.sh\"\n";
			showEnvVarsInLog = 0;
		};
		87AECCA68F3889CE8A8731DA /* [CP] Copy Pods Resources */ = {
			isa = PBXShellScriptBuildPhase;
			buildActionMask = 2147483647;
			files = (
			);
			inputPaths = (
			);
			name = "[CP] Copy Pods Resources";
			outputPaths = (
			);
			runOnlyForDeploymentPostprocessing = 0;
			shellPath = /bin/sh;
			shellScript = "\"${SRCROOT}/Pods/Target Support Files/Pods-IRSMobile/Pods-IRSMobile-resources.sh\"\n";
			showEnvVarsInLog = 0;
		};
/* End PBXShellScriptBuildPhase section */

/* Begin PBXSourcesBuildPhase section */
		984E1D6D1F6F830B00D0630E /* Sources */ = {
			isa = PBXSourcesBuildPhase;
			buildActionMask = 2147483647;
			files = (
				984B3D511F852B1100ECA24D /* Format.swift in Sources */,
				98CB90EF1F89D24B00748A23 /* Model_Subcription.swift in Sources */,
				9801CAA91F7B8163001488E1 /* BaseTableViewCell.swift in Sources */,
				984E1D8C1F6F847100D0630E /* LoginViewController.swift in Sources */,
				9801CAAC1F7B8163001488E1 /* String.swift in Sources */,
				98A2DD991F91A5A1005F03B5 /* RedemptionTableViewCell.swift in Sources */,
				98CB90EA1F89B4E900748A23 /* SubcriptionTableViewCell.swift in Sources */,
				98973FFF1F7A518300137751 /* Model_Invertor.swift in Sources */,
				98E74BA41F829C370038BA91 /* LogoutViewController.swift in Sources */,
				98973FFC1F7A503600137751 /* ConnectSv.swift in Sources */,
				98E74B8F1F8281B60038BA91 /* PortfolioViewController.swift in Sources */,
				98E74B871F82818F0038BA91 /* SubcriptionViewController.swift in Sources */,
				98F195C61F95E7AE00386AA5 /* ProfileView.swift in Sources */,
				9801CAB01F7B81BD001488E1 /* LeftViewController.swift in Sources */,
				98CB90F11F89D38B00748A23 /* Model_Redemption.swift in Sources */,
				98CB90ED1F89CF5F00748A23 /* Constant.swift in Sources */,
				98E74B8B1F8281A40038BA91 /* RedemptionViewController.swift in Sources */,
				9801CAAA1F7B8163001488E1 /* DataTableViewCell.swift in Sources */,
				98E74B9C1F8282300038BA91 /* ContactInformationViewController.swift in Sources */,
				98E74B981F82820B0038BA91 /* BankAcountViewController.swift in Sources */,
				98E74B941F8281F30038BA91 /* InvestorInfomationViewController.swift in Sources */,
				98E74BA01F8282420038BA91 /* ChangePasswordViewController.swift in Sources */,
				9801CABA1F7B984B001488E1 /* UIViewController.swift in Sources */,
				9801CAB51F7B8273001488E1 /* AllTransactionViewController.swift in Sources */,
				984E1D7D1F6F830C00D0630E /* IRSMobile.xcdatamodeld in Sources */,
				984E1D771F6F830C00D0630E /* ViewController.swift in Sources */,
				984E1D751F6F830C00D0630E /* AppDelegate.swift in Sources */,
				984E1D901F6F848300D0630E /* MainViewController.swift in Sources */,
			);
			runOnlyForDeploymentPostprocessing = 0;
		};
/* End PBXSourcesBuildPhase section */

/* Begin PBXVariantGroup section */
		984E1D781F6F830C00D0630E /* Main.storyboard */ = {
			isa = PBXVariantGroup;
			children = (
				984E1D791F6F830C00D0630E /* Base */,
				98E74BA61F82AD8F0038BA91 /* vi */,
			);
			name = Main.storyboard;
			sourceTree = "<group>";
		};
		984E1D801F6F830C00D0630E /* LaunchScreen.storyboard */ = {
			isa = PBXVariantGroup;
			children = (
				984E1D811F6F830C00D0630E /* Base */,
				98E74BA71F82AD8F0038BA91 /* vi */,
			);
			name = LaunchScreen.storyboard;
			sourceTree = "<group>";
		};
/* End PBXVariantGroup section */

/* Begin XCBuildConfiguration section */
		984E1D841F6F830C00D0630E /* Debug */ = {
			isa = XCBuildConfiguration;
			buildSettings = {
				ALWAYS_SEARCH_USER_PATHS = NO;
				CLANG_ANALYZER_LOCALIZABILITY_NONLOCALIZED = YES;
				CLANG_ANALYZER_NONNULL = YES;
				CLANG_ANALYZER_NUMBER_OBJECT_CONVERSION = YES_AGGRESSIVE;
				CLANG_CXX_LANGUAGE_STANDARD = "gnu++0x";
				CLANG_CXX_LIBRARY = "libc++";
				CLANG_ENABLE_MODULES = YES;
				CLANG_ENABLE_OBJC_ARC = YES;
				CLANG_WARN_BOOL_CONVERSION = YES;
				CLANG_WARN_CONSTANT_CONVERSION = YES;
				CLANG_WARN_DIRECT_OBJC_ISA_USAGE = YES_ERROR;
				CLANG_WARN_DOCUMENTATION_COMMENTS = YES;
				CLANG_WARN_EMPTY_BODY = YES;
				CLANG_WARN_ENUM_CONVERSION = YES;
				CLANG_WARN_INFINITE_RECURSION = YES;
				CLANG_WARN_INT_CONVERSION = YES;
				CLANG_WARN_OBJC_ROOT_CLASS = YES_ERROR;
				CLANG_WARN_SUSPICIOUS_MOVE = YES;
				CLANG_WARN_UNREACHABLE_CODE = YES;
				CLANG_WARN__DUPLICATE_METHOD_MATCH = YES;
				"CODE_SIGN_IDENTITY[sdk=iphoneos*]" = "iPhone Developer";
				COPY_PHASE_STRIP = NO;
				DEBUG_INFORMATION_FORMAT = dwarf;
				ENABLE_STRICT_OBJC_MSGSEND = YES;
				ENABLE_TESTABILITY = YES;
				GCC_C_LANGUAGE_STANDARD = gnu99;
				GCC_DYNAMIC_NO_PIC = NO;
				GCC_NO_COMMON_BLOCKS = YES;
				GCC_OPTIMIZATION_LEVEL = 0;
				GCC_PREPROCESSOR_DEFINITIONS = (
					"DEBUG=1",
					"$(inherited)",
				);
				GCC_WARN_64_TO_32_BIT_CONVERSION = YES;
				GCC_WARN_ABOUT_RETURN_TYPE = YES_ERROR;
				GCC_WARN_UNDECLARED_SELECTOR = YES;
				GCC_WARN_UNINITIALIZED_AUTOS = YES_AGGRESSIVE;
				GCC_WARN_UNUSED_FUNCTION = YES;
				GCC_WARN_UNUSED_VARIABLE = YES;
				IPHONEOS_DEPLOYMENT_TARGET = 10.3;
				MTL_ENABLE_DEBUG_INFO = YES;
				ONLY_ACTIVE_ARCH = YES;
				SDKROOT = iphoneos;
				SWIFT_ACTIVE_COMPILATION_CONDITIONS = DEBUG;
				SWIFT_OPTIMIZATION_LEVEL = "-Onone";
			};
			name = Debug;
		};
		984E1D851F6F830C00D0630E /* Release */ = {
			isa = XCBuildConfiguration;
			buildSettings = {
				ALWAYS_SEARCH_USER_PATHS = NO;
				CLANG_ANALYZER_LOCALIZABILITY_NONLOCALIZED = YES;
				CLANG_ANALYZER_NONNULL = YES;
				CLANG_ANALYZER_NUMBER_OBJECT_CONVERSION = YES_AGGRESSIVE;
				CLANG_CXX_LANGUAGE_STANDARD = "gnu++0x";
				CLANG_CXX_LIBRARY = "libc++";
				CLANG_ENABLE_MODULES = YES;
				CLANG_ENABLE_OBJC_ARC = YES;
				CLANG_WARN_BOOL_CONVERSION = YES;
				CLANG_WARN_CONSTANT_CONVERSION = YES;
				CLANG_WARN_DIRECT_OBJC_ISA_USAGE = YES_ERROR;
				CLANG_WARN_DOCUMENTATION_COMMENTS = YES;
				CLANG_WARN_EMPTY_BODY = YES;
				CLANG_WARN_ENUM_CONVERSION = YES;
				CLANG_WARN_INFINITE_RECURSION = YES;
				CLANG_WARN_INT_CONVERSION = YES;
				CLANG_WARN_OBJC_ROOT_CLASS = YES_ERROR;
				CLANG_WARN_SUSPICIOUS_MOVE = YES;
				CLANG_WARN_UNREACHABLE_CODE = YES;
				CLANG_WARN__DUPLICATE_METHOD_MATCH = YES;
				"CODE_SIGN_IDENTITY[sdk=iphoneos*]" = "iPhone Developer";
				COPY_PHASE_STRIP = NO;
				DEBUG_INFORMATION_FORMAT = "dwarf-with-dsym";
				ENABLE_NS_ASSERTIONS = NO;
				ENABLE_STRICT_OBJC_MSGSEND = YES;
				GCC_C_LANGUAGE_STANDARD = gnu99;
				GCC_NO_COMMON_BLOCKS = YES;
				GCC_WARN_64_TO_32_BIT_CONVERSION = YES;
				GCC_WARN_ABOUT_RETURN_TYPE = YES_ERROR;
				GCC_WARN_UNDECLARED_SELECTOR = YES;
				GCC_WARN_UNINITIALIZED_AUTOS = YES_AGGRESSIVE;
				GCC_WARN_UNUSED_FUNCTION = YES;
				GCC_WARN_UNUSED_VARIABLE = YES;
				IPHONEOS_DEPLOYMENT_TARGET = 10.3;
				MTL_ENABLE_DEBUG_INFO = NO;
				SDKROOT = iphoneos;
				SWIFT_OPTIMIZATION_LEVEL = "-Owholemodule";
				VALIDATE_PRODUCT = YES;
			};
			name = Release;
		};
		984E1D871F6F830C00D0630E /* Debug */ = {
			isa = XCBuildConfiguration;
			baseConfigurationReference = C789DD3DC913C2D4D9CC5890 /* Pods-IRSMobile.debug.xcconfig */;
			buildSettings = {
				ASSETCATALOG_COMPILER_APPICON_NAME = AppIcon;
				INFOPLIST_FILE = IRSMobile/Info.plist;
				LD_RUNPATH_SEARCH_PATHS = "$(inherited) @executable_path/Frameworks";
				PRODUCT_BUNDLE_IDENTIFIER = hungdn.IRSMobile;
				PRODUCT_NAME = "$(TARGET_NAME)";
				SWIFT_VERSION = 3.0;
			};
			name = Debug;
		};
		984E1D881F6F830C00D0630E /* Release */ = {
			isa = XCBuildConfiguration;
			baseConfigurationReference = 5D7FFFA9A79A74C318F27D7A /* Pods-IRSMobile.release.xcconfig */;
			buildSettings = {
				ASSETCATALOG_COMPILER_APPICON_NAME = AppIcon;
				INFOPLIST_FILE = IRSMobile/Info.plist;
				LD_RUNPATH_SEARCH_PATHS = "$(inherited) @executable_path/Frameworks";
				PRODUCT_BUNDLE_IDENTIFIER = hungdn.IRSMobile;
				PRODUCT_NAME = "$(TARGET_NAME)";
				SWIFT_VERSION = 3.0;
			};
			name = Release;
		};
/* End XCBuildConfiguration section */

/* Begin XCConfigurationList section */
		984E1D6C1F6F830B00D0630E /* Build configuration list for PBXProject "IRSMobile" */ = {
			isa = XCConfigurationList;
			buildConfigurations = (
				984E1D841F6F830C00D0630E /* Debug */,
				984E1D851F6F830C00D0630E /* Release */,
			);
			defaultConfigurationIsVisible = 0;
			defaultConfigurationName = Release;
		};
		984E1D861F6F830C00D0630E /* Build configuration list for PBXNativeTarget "IRSMobile" */ = {
			isa = XCConfigurationList;
			buildConfigurations = (
				984E1D871F6F830C00D0630E /* Debug */,
				984E1D881F6F830C00D0630E /* Release */,
			);
			defaultConfigurationIsVisible = 0;
			defaultConfigurationName = Release;
		};
/* End XCConfigurationList section */

/* Begin XCVersionGroup section */
		984E1D7B1F6F830C00D0630E /* IRSMobile.xcdatamodeld */ = {
			isa = XCVersionGroup;
			children = (
				984E1D7C1F6F830C00D0630E /* IRSMobile.xcdatamodel */,
			);
			currentVersion = 984E1D7C1F6F830C00D0630E /* IRSMobile.xcdatamodel */;
			path = IRSMobile.xcdatamodeld;
			sourceTree = "<group>";
			versionGroupType = wrapper.xcdatamodel;
		};
/* End XCVersionGroup section */
	};
	rootObject = 984E1D691F6F830B00D0630E /* Project object */;
}
